// !$*UTF8*$!
{
	archiveVersion = 1;
	classes = {
	};
	objectVersion = 48;
	objects = {

/* Begin PBXBuildFile section */
		8D5BA27A1F7C792E00A169BF /* AppDelegate.m in Sources */ = {isa = PBXBuildFile; fileRef = 8D5BA2791F7C792E00A169BF /* AppDelegate.m */; };
		8D5BA27D1F7C792E00A169BF /* ViewController.m in Sources */ = {isa = PBXBuildFile; fileRef = 8D5BA27C1F7C792E00A169BF /* ViewController.m */; };
		8D5BA2801F7C792E00A169BF /* Main.storyboard in Resources */ = {isa = PBXBuildFile; fileRef = 8D5BA27E1F7C792E00A169BF /* Main.storyboard */; };
		8D5BA2821F7C792E00A169BF /* Assets.xcassets in Resources */ = {isa = PBXBuildFile; fileRef = 8D5BA2811F7C792E00A169BF /* Assets.xcassets */; };
		8D5BA2851F7C792E00A169BF /* LaunchScreen.storyboard in Resources */ = {isa = PBXBuildFile; fileRef = 8D5BA2831F7C792E00A169BF /* LaunchScreen.storyboard */; };
		8D5BA2881F7C792E00A169BF /* main.m in Sources */ = {isa = PBXBuildFile; fileRef = 8D5BA2871F7C792E00A169BF /* main.m */; };
		8D5BA2921F7C792F00A169BF /* SuccessionRestoreTests.m in Sources */ = {isa = PBXBuildFile; fileRef = 8D5BA2911F7C792F00A169BF /* SuccessionRestoreTests.m */; };
		8D5BA29D1F7C792F00A169BF /* SuccessionRestoreUITests.m in Sources */ = {isa = PBXBuildFile; fileRef = 8D5BA29C1F7C792F00A169BF /* SuccessionRestoreUITests.m */; };
		8D8A68451F816F38008EF3BC /* CDBDownloader.m in Sources */ = {isa = PBXBuildFile; fileRef = 8D8A68441F816F38008EF3BC /* CDBDownloader.m */; };
		8DDFEA009B17AA1B3970D8B1 /* libPods-SuccessionRestoreTests.a in Frameworks */ = {isa = PBXBuildFile; fileRef = E08D2B8BF091D52B390E57A7 /* libPods-SuccessionRestoreTests.a */; };
		A94FDCB465EB5C2DCC861991 /* libPods-SuccessionRestoreUITests.a in Frameworks */ = {isa = PBXBuildFile; fileRef = 9C5D6E5BF734D6421E7D3C73 /* libPods-SuccessionRestoreUITests.a */; };
		DD5EE671645A533BF4AB9AC0 /* libPods-SuccessionRestore.a in Frameworks */ = {isa = PBXBuildFile; fileRef = 36F7363ED304EEDEE53E8FB9 /* libPods-SuccessionRestore.a */; };
/* End PBXBuildFile section */

/* Begin PBXContainerItemProxy section */
		8D5BA28E1F7C792F00A169BF /* PBXContainerItemProxy */ = {
			isa = PBXContainerItemProxy;
			containerPortal = 8D5BA26D1F7C792E00A169BF /* Project object */;
			proxyType = 1;
			remoteGlobalIDString = 8D5BA2741F7C792E00A169BF;
			remoteInfo = SuccessionRestore;
		};
		8D5BA2991F7C792F00A169BF /* PBXContainerItemProxy */ = {
			isa = PBXContainerItemProxy;
			containerPortal = 8D5BA26D1F7C792E00A169BF /* Project object */;
			proxyType = 1;
			remoteGlobalIDString = 8D5BA2741F7C792E00A169BF;
			remoteInfo = SuccessionRestore;
		};
/* End PBXContainerItemProxy section */

/* Begin PBXFileReference section */
		01A11EC134F1F9914CB25938 /* Pods-SuccessionRestoreUITests.debug.xcconfig */ = {isa = PBXFileReference; includeInIndex = 1; lastKnownFileType = text.xcconfig; name = "Pods-SuccessionRestoreUITests.debug.xcconfig"; path = "Pods/Target Support Files/Pods-SuccessionRestoreUITests/Pods-SuccessionRestoreUITests.debug.xcconfig"; sourceTree = "<group>"; };
		28F8B94A9AF722F27560350D /* Pods-SuccessionRestoreTests.debug.xcconfig */ = {isa = PBXFileReference; includeInIndex = 1; lastKnownFileType = text.xcconfig; name = "Pods-SuccessionRestoreTests.debug.xcconfig"; path = "Pods/Target Support Files/Pods-SuccessionRestoreTests/Pods-SuccessionRestoreTests.debug.xcconfig"; sourceTree = "<group>"; };
		36F7363ED304EEDEE53E8FB9 /* libPods-SuccessionRestore.a */ = {isa = PBXFileReference; explicitFileType = archive.ar; includeInIndex = 0; path = "libPods-SuccessionRestore.a"; sourceTree = BUILT_PRODUCTS_DIR; };
		7DBE0855D1A82EEE386ED574 /* Pods-SuccessionRestore.debug.xcconfig */ = {isa = PBXFileReference; includeInIndex = 1; lastKnownFileType = text.xcconfig; name = "Pods-SuccessionRestore.debug.xcconfig"; path = "Pods/Target Support Files/Pods-SuccessionRestore/Pods-SuccessionRestore.debug.xcconfig"; sourceTree = "<group>"; };
		8D5BA2751F7C792E00A169BF /* SuccessionRestore.app */ = {isa = PBXFileReference; explicitFileType = wrapper.application; includeInIndex = 0; path = SuccessionRestore.app; sourceTree = BUILT_PRODUCTS_DIR; };
		8D5BA2781F7C792E00A169BF /* AppDelegate.h */ = {isa = PBXFileReference; lastKnownFileType = sourcecode.c.h; path = AppDelegate.h; sourceTree = "<group>"; };
		8D5BA2791F7C792E00A169BF /* AppDelegate.m */ = {isa = PBXFileReference; lastKnownFileType = sourcecode.c.objc; path = AppDelegate.m; sourceTree = "<group>"; };
		8D5BA27B1F7C792E00A169BF /* ViewController.h */ = {isa = PBXFileReference; lastKnownFileType = sourcecode.c.h; path = ViewController.h; sourceTree = "<group>"; };
		8D5BA27C1F7C792E00A169BF /* ViewController.m */ = {isa = PBXFileReference; lastKnownFileType = sourcecode.c.objc; path = ViewController.m; sourceTree = "<group>"; };
		8D5BA27F1F7C792E00A169BF /* Base */ = {isa = PBXFileReference; lastKnownFileType = file.storyboard; name = Base; path = Base.lproj/Main.storyboard; sourceTree = "<group>"; };
		8D5BA2811F7C792E00A169BF /* Assets.xcassets */ = {isa = PBXFileReference; lastKnownFileType = folder.assetcatalog; path = Assets.xcassets; sourceTree = "<group>"; };
		8D5BA2841F7C792E00A169BF /* Base */ = {isa = PBXFileReference; lastKnownFileType = file.storyboard; name = Base; path = Base.lproj/LaunchScreen.storyboard; sourceTree = "<group>"; };
		8D5BA2861F7C792E00A169BF /* Info.plist */ = {isa = PBXFileReference; lastKnownFileType = text.plist.xml; path = Info.plist; sourceTree = "<group>"; };
		8D5BA2871F7C792E00A169BF /* main.m */ = {isa = PBXFileReference; lastKnownFileType = sourcecode.c.objc; path = main.m; sourceTree = "<group>"; };
		8D5BA28D1F7C792F00A169BF /* SuccessionRestoreTests.xctest */ = {isa = PBXFileReference; explicitFileType = wrapper.cfbundle; includeInIndex = 0; path = SuccessionRestoreTests.xctest; sourceTree = BUILT_PRODUCTS_DIR; };
		8D5BA2911F7C792F00A169BF /* SuccessionRestoreTests.m */ = {isa = PBXFileReference; lastKnownFileType = sourcecode.c.objc; path = SuccessionRestoreTests.m; sourceTree = "<group>"; };
		8D5BA2931F7C792F00A169BF /* Info.plist */ = {isa = PBXFileReference; lastKnownFileType = text.plist.xml; path = Info.plist; sourceTree = "<group>"; };
		8D5BA2981F7C792F00A169BF /* SuccessionRestoreUITests.xctest */ = {isa = PBXFileReference; explicitFileType = wrapper.cfbundle; includeInIndex = 0; path = SuccessionRestoreUITests.xctest; sourceTree = BUILT_PRODUCTS_DIR; };
		8D5BA29C1F7C792F00A169BF /* SuccessionRestoreUITests.m */ = {isa = PBXFileReference; lastKnownFileType = sourcecode.c.objc; path = SuccessionRestoreUITests.m; sourceTree = "<group>"; };
		8D5BA29E1F7C792F00A169BF /* Info.plist */ = {isa = PBXFileReference; lastKnownFileType = text.plist.xml; path = Info.plist; sourceTree = "<group>"; };
		8D8A68431F816F31008EF3BC /* CDBDownloader.h */ = {isa = PBXFileReference; lastKnownFileType = sourcecode.c.h; path = CDBDownloader.h; sourceTree = "<group>"; };
		8D8A68441F816F38008EF3BC /* CDBDownloader.m */ = {isa = PBXFileReference; lastKnownFileType = sourcecode.c.objc; path = CDBDownloader.m; sourceTree = "<group>"; };
		8D8A68461F816F3F008EF3BC /* CDBDownloader.xcconfig */ = {isa = PBXFileReference; lastKnownFileType = text.xcconfig; path = CDBDownloader.xcconfig; sourceTree = "<group>"; };
		8D8A68471F816F3F008EF3BC /* CDBDownloader-dummy.m */ = {isa = PBXFileReference; lastKnownFileType = sourcecode.c.objc; path = "CDBDownloader-dummy.m"; sourceTree = "<group>"; };
		8D8A68481F816F3F008EF3BC /* CDBDownloader-prefix.pch */ = {isa = PBXFileReference; lastKnownFileType = sourcecode.c.h; path = "CDBDownloader-prefix.pch"; sourceTree = "<group>"; };
		9C5D6E5BF734D6421E7D3C73 /* libPods-SuccessionRestoreUITests.a */ = {isa = PBXFileReference; explicitFileType = archive.ar; includeInIndex = 0; path = "libPods-SuccessionRestoreUITests.a"; sourceTree = BUILT_PRODUCTS_DIR; };
		9F36089571EEDC24F871C3C0 /* Pods-SuccessionRestoreTests.release.xcconfig */ = {isa = PBXFileReference; includeInIndex = 1; lastKnownFileType = text.xcconfig; name = "Pods-SuccessionRestoreTests.release.xcconfig"; path = "Pods/Target Support Files/Pods-SuccessionRestoreTests/Pods-SuccessionRestoreTests.release.xcconfig"; sourceTree = "<group>"; };
		BFF004FE92A2EE6CF8FC9E9E /* Pods-SuccessionRestoreUITests.release.xcconfig */ = {isa = PBXFileReference; includeInIndex = 1; lastKnownFileType = text.xcconfig; name = "Pods-SuccessionRestoreUITests.release.xcconfig"; path = "Pods/Target Support Files/Pods-SuccessionRestoreUITests/Pods-SuccessionRestoreUITests.release.xcconfig"; sourceTree = "<group>"; };
		E08D2B8BF091D52B390E57A7 /* libPods-SuccessionRestoreTests.a */ = {isa = PBXFileReference; explicitFileType = archive.ar; includeInIndex = 0; path = "libPods-SuccessionRestoreTests.a"; sourceTree = BUILT_PRODUCTS_DIR; };
		E0D9C40517BBA9797C0630BB /* Pods-SuccessionRestore.release.xcconfig */ = {isa = PBXFileReference; includeInIndex = 1; lastKnownFileType = text.xcconfig; name = "Pods-SuccessionRestore.release.xcconfig"; path = "Pods/Target Support Files/Pods-SuccessionRestore/Pods-SuccessionRestore.release.xcconfig"; sourceTree = "<group>"; };
/* End PBXFileReference section */

/* Begin PBXFrameworksBuildPhase section */
		8D5BA2721F7C792E00A169BF /* Frameworks */ = {
			isa = PBXFrameworksBuildPhase;
			buildActionMask = 2147483647;
			files = (
				DD5EE671645A533BF4AB9AC0 /* libPods-SuccessionRestore.a in Frameworks */,
			);
			runOnlyForDeploymentPostprocessing = 0;
		};
		8D5BA28A1F7C792F00A169BF /* Frameworks */ = {
			isa = PBXFrameworksBuildPhase;
			buildActionMask = 2147483647;
			files = (
				8DDFEA009B17AA1B3970D8B1 /* libPods-SuccessionRestoreTests.a in Frameworks */,
			);
			runOnlyForDeploymentPostprocessing = 0;
		};
		8D5BA2951F7C792F00A169BF /* Frameworks */ = {
			isa = PBXFrameworksBuildPhase;
			buildActionMask = 2147483647;
			files = (
				A94FDCB465EB5C2DCC861991 /* libPods-SuccessionRestoreUITests.a in Frameworks */,
			);
			runOnlyForDeploymentPostprocessing = 0;
		};
/* End PBXFrameworksBuildPhase section */

/* Begin PBXGroup section */
		8D5BA26C1F7C792E00A169BF = {
			isa = PBXGroup;
			children = (
				8D5BA2771F7C792E00A169BF /* SuccessionRestore */,
				8D5BA2901F7C792F00A169BF /* SuccessionRestoreTests */,
				8D5BA29B1F7C792F00A169BF /* SuccessionRestoreUITests */,
				8D5BA2761F7C792E00A169BF /* Products */,
				C884139F30279B731C522CDC /* Pods */,
				DD9FB45D5FB87BF83F0A9D1E /* Frameworks */,
			);
			sourceTree = "<group>";
		};
		8D5BA2761F7C792E00A169BF /* Products */ = {
			isa = PBXGroup;
			children = (
				8D5BA2751F7C792E00A169BF /* SuccessionRestore.app */,
				8D5BA28D1F7C792F00A169BF /* SuccessionRestoreTests.xctest */,
				8D5BA2981F7C792F00A169BF /* SuccessionRestoreUITests.xctest */,
			);
			name = Products;
			sourceTree = "<group>";
		};
		8D5BA2771F7C792E00A169BF /* SuccessionRestore */ = {
			isa = PBXGroup;
			children = (
				8D5BA2781F7C792E00A169BF /* AppDelegate.h */,
				8D5BA2791F7C792E00A169BF /* AppDelegate.m */,
				8D8A68431F816F31008EF3BC /* CDBDownloader.h */,
				8D8A68441F816F38008EF3BC /* CDBDownloader.m */,
				8D8A68491F816F3F008EF3BC /* Support Files */,
				8D5BA27B1F7C792E00A169BF /* ViewController.h */,
				8D5BA27C1F7C792E00A169BF /* ViewController.m */,
				8D5BA27E1F7C792E00A169BF /* Main.storyboard */,
				8D5BA2811F7C792E00A169BF /* Assets.xcassets */,
				8D5BA2831F7C792E00A169BF /* LaunchScreen.storyboard */,
				8D5BA2861F7C792E00A169BF /* Info.plist */,
				8D5BA2871F7C792E00A169BF /* main.m */,
			);
			path = SuccessionRestore;
			sourceTree = "<group>";
		};
		8D5BA2901F7C792F00A169BF /* SuccessionRestoreTests */ = {
			isa = PBXGroup;
			children = (
				8D5BA2911F7C792F00A169BF /* SuccessionRestoreTests.m */,
				8D5BA2931F7C792F00A169BF /* Info.plist */,
			);
			path = SuccessionRestoreTests;
			sourceTree = "<group>";
		};
		8D5BA29B1F7C792F00A169BF /* SuccessionRestoreUITests */ = {
			isa = PBXGroup;
			children = (
				8D5BA29C1F7C792F00A169BF /* SuccessionRestoreUITests.m */,
				8D5BA29E1F7C792F00A169BF /* Info.plist */,
			);
			path = SuccessionRestoreUITests;
			sourceTree = "<group>";
		};
		8D8A68491F816F3F008EF3BC /* Support Files */ = {
			isa = PBXGroup;
			children = (
				8D8A68461F816F3F008EF3BC /* CDBDownloader.xcconfig */,
				8D8A68471F816F3F008EF3BC /* CDBDownloader-dummy.m */,
				8D8A68481F816F3F008EF3BC /* CDBDownloader-prefix.pch */,
			);
			name = "Support Files";
			path = CDBDownloader;
			sourceTree = "<group>";
		};
		C884139F30279B731C522CDC /* Pods */ = {
			isa = PBXGroup;
			children = (
				7DBE0855D1A82EEE386ED574 /* Pods-SuccessionRestore.debug.xcconfig */,
				E0D9C40517BBA9797C0630BB /* Pods-SuccessionRestore.release.xcconfig */,
				28F8B94A9AF722F27560350D /* Pods-SuccessionRestoreTests.debug.xcconfig */,
				9F36089571EEDC24F871C3C0 /* Pods-SuccessionRestoreTests.release.xcconfig */,
				01A11EC134F1F9914CB25938 /* Pods-SuccessionRestoreUITests.debug.xcconfig */,
				BFF004FE92A2EE6CF8FC9E9E /* Pods-SuccessionRestoreUITests.release.xcconfig */,
			);
			name = Pods;
			sourceTree = "<group>";
		};
		DD9FB45D5FB87BF83F0A9D1E /* Frameworks */ = {
			isa = PBXGroup;
			children = (
				36F7363ED304EEDEE53E8FB9 /* libPods-SuccessionRestore.a */,
				E08D2B8BF091D52B390E57A7 /* libPods-SuccessionRestoreTests.a */,
				9C5D6E5BF734D6421E7D3C73 /* libPods-SuccessionRestoreUITests.a */,
			);
			name = Frameworks;
			sourceTree = "<group>";
		};
/* End PBXGroup section */

/* Begin PBXNativeTarget section */
		8D5BA2741F7C792E00A169BF /* SuccessionRestore */ = {
			isa = PBXNativeTarget;
			buildConfigurationList = 8D5BA2A11F7C792F00A169BF /* Build configuration list for PBXNativeTarget "SuccessionRestore" */;
			buildPhases = (
				6FFA71248F3BC9ADFFCC6FBC /* [CP] Check Pods Manifest.lock */,
				8D5BA2711F7C792E00A169BF /* Sources */,
				8D5BA2721F7C792E00A169BF /* Frameworks */,
				8D5BA2731F7C792E00A169BF /* Resources */,
				7C4917ADA5F6C245E226F011 /* [CP] Embed Pods Frameworks */,
				3C30029A521C192DDD6DEEBE /* [CP] Copy Pods Resources */,
			);
			buildRules = (
			);
			dependencies = (
			);
			name = SuccessionRestore;
			productName = SuccessionRestore;
			productReference = 8D5BA2751F7C792E00A169BF /* SuccessionRestore.app */;
			productType = "com.apple.product-type.application";
		};
		8D5BA28C1F7C792F00A169BF /* SuccessionRestoreTests */ = {
			isa = PBXNativeTarget;
			buildConfigurationList = 8D5BA2A41F7C792F00A169BF /* Build configuration list for PBXNativeTarget "SuccessionRestoreTests" */;
			buildPhases = (
				E65C22B9A706D97989FF66C7 /* [CP] Check Pods Manifest.lock */,
				8D5BA2891F7C792F00A169BF /* Sources */,
				8D5BA28A1F7C792F00A169BF /* Frameworks */,
				8D5BA28B1F7C792F00A169BF /* Resources */,
				FF2E6EBDFE72DEF3547D755C /* [CP] Embed Pods Frameworks */,
				2C298BFFA26C051B59AD0B4E /* [CP] Copy Pods Resources */,
			);
			buildRules = (
			);
			dependencies = (
				8D5BA28F1F7C792F00A169BF /* PBXTargetDependency */,
			);
			name = SuccessionRestoreTests;
			productName = SuccessionRestoreTests;
			productReference = 8D5BA28D1F7C792F00A169BF /* SuccessionRestoreTests.xctest */;
			productType = "com.apple.product-type.bundle.unit-test";
		};
		8D5BA2971F7C792F00A169BF /* SuccessionRestoreUITests */ = {
			isa = PBXNativeTarget;
			buildConfigurationList = 8D5BA2A71F7C792F00A169BF /* Build configuration list for PBXNativeTarget "SuccessionRestoreUITests" */;
			buildPhases = (
				47973F8F9683DECC42718F57 /* [CP] Check Pods Manifest.lock */,
				8D5BA2941F7C792F00A169BF /* Sources */,
				8D5BA2951F7C792F00A169BF /* Frameworks */,
				8D5BA2961F7C792F00A169BF /* Resources */,
				794738C1E8D07681336CD2E6 /* [CP] Embed Pods Frameworks */,
				CE6AF9249A519AF23F826684 /* [CP] Copy Pods Resources */,
			);
			buildRules = (
			);
			dependencies = (
				8D5BA29A1F7C792F00A169BF /* PBXTargetDependency */,
			);
			name = SuccessionRestoreUITests;
			productName = SuccessionRestoreUITests;
			productReference = 8D5BA2981F7C792F00A169BF /* SuccessionRestoreUITests.xctest */;
			productType = "com.apple.product-type.bundle.ui-testing";
		};
/* End PBXNativeTarget section */

/* Begin PBXProject section */
		8D5BA26D1F7C792E00A169BF /* Project object */ = {
			isa = PBXProject;
			attributes = {
				LastUpgradeCheck = 0900;
				ORGANIZATIONNAME = "Sam Gardner";
				TargetAttributes = {
					8D5BA2741F7C792E00A169BF = {
						CreatedOnToolsVersion = 9.0;
						ProvisioningStyle = Automatic;
					};
					8D5BA28C1F7C792F00A169BF = {
						CreatedOnToolsVersion = 9.0;
						ProvisioningStyle = Automatic;
						TestTargetID = 8D5BA2741F7C792E00A169BF;
					};
					8D5BA2971F7C792F00A169BF = {
						CreatedOnToolsVersion = 9.0;
						ProvisioningStyle = Automatic;
						TestTargetID = 8D5BA2741F7C792E00A169BF;
					};
				};
			};
			buildConfigurationList = 8D5BA2701F7C792E00A169BF /* Build configuration list for PBXProject "SuccessionRestore" */;
			compatibilityVersion = "Xcode 8.0";
			developmentRegion = en;
			hasScannedForEncodings = 0;
			knownRegions = (
				en,
				Base,
			);
			mainGroup = 8D5BA26C1F7C792E00A169BF;
			productRefGroup = 8D5BA2761F7C792E00A169BF /* Products */;
			projectDirPath = "";
			projectRoot = "";
			targets = (
				8D5BA2741F7C792E00A169BF /* SuccessionRestore */,
				8D5BA28C1F7C792F00A169BF /* SuccessionRestoreTests */,
				8D5BA2971F7C792F00A169BF /* SuccessionRestoreUITests */,
			);
		};
/* End PBXProject section */

/* Begin PBXResourcesBuildPhase section */
		8D5BA2731F7C792E00A169BF /* Resources */ = {
			isa = PBXResourcesBuildPhase;
			buildActionMask = 2147483647;
			files = (
				8D5BA2851F7C792E00A169BF /* LaunchScreen.storyboard in Resources */,
				8D5BA2821F7C792E00A169BF /* Assets.xcassets in Resources */,
				8D5BA2801F7C792E00A169BF /* Main.storyboard in Resources */,
			);
			runOnlyForDeploymentPostprocessing = 0;
		};
		8D5BA28B1F7C792F00A169BF /* Resources */ = {
			isa = PBXResourcesBuildPhase;
			buildActionMask = 2147483647;
			files = (
			);
			runOnlyForDeploymentPostprocessing = 0;
		};
		8D5BA2961F7C792F00A169BF /* Resources */ = {
			isa = PBXResourcesBuildPhase;
			buildActionMask = 2147483647;
			files = (
			);
			runOnlyForDeploymentPostprocessing = 0;
		};
/* End PBXResourcesBuildPhase section */

/* Begin PBXShellScriptBuildPhase section */
		2C298BFFA26C051B59AD0B4E /* [CP] Copy Pods Resources */ = {
			isa = PBXShellScriptBuildPhase;
			buildActionMask = 2147483647;
			files = (
			);
			inputPaths = (
			);
			name = "[CP] Copy Pods Resources";
			outputPaths = (
			);
			runOnlyForDeploymentPostprocessing = 0;
			shellPath = /bin/sh;
			shellScript = "\"${SRCROOT}/Pods/Target Support Files/Pods-SuccessionRestoreTests/Pods-SuccessionRestoreTests-resources.sh\"\n";
			showEnvVarsInLog = 0;
		};
		3C30029A521C192DDD6DEEBE /* [CP] Copy Pods Resources */ = {
			isa = PBXShellScriptBuildPhase;
			buildActionMask = 2147483647;
			files = (
			);
			inputPaths = (
			);
			name = "[CP] Copy Pods Resources";
			outputPaths = (
			);
			runOnlyForDeploymentPostprocessing = 0;
			shellPath = /bin/sh;
			shellScript = "\"${SRCROOT}/Pods/Target Support Files/Pods-SuccessionRestore/Pods-SuccessionRestore-resources.sh\"\n";
			showEnvVarsInLog = 0;
		};
		47973F8F9683DECC42718F57 /* [CP] Check Pods Manifest.lock */ = {
			isa = PBXShellScriptBuildPhase;
			buildActionMask = 2147483647;
			files = (
			);
			inputPaths = (
				"${PODS_PODFILE_DIR_PATH}/Podfile.lock",
				"${PODS_ROOT}/Manifest.lock",
			);
			name = "[CP] Check Pods Manifest.lock";
			outputPaths = (
				"$(DERIVED_FILE_DIR)/Pods-SuccessionRestoreUITests-checkManifestLockResult.txt",
			);
			runOnlyForDeploymentPostprocessing = 0;
			shellPath = /bin/sh;
			shellScript = "diff \"${PODS_PODFILE_DIR_PATH}/Podfile.lock\" \"${PODS_ROOT}/Manifest.lock\" > /dev/null\nif [ $? != 0 ] ; then\n    # print error to STDERR\n    echo \"error: The sandbox is not in sync with the Podfile.lock. Run 'pod install' or update your CocoaPods installation.\" >&2\n    exit 1\nfi\n# This output is used by Xcode 'outputs' to avoid re-running this script phase.\necho \"SUCCESS\" > \"${SCRIPT_OUTPUT_FILE_0}\"\n";
			showEnvVarsInLog = 0;
		};
		6FFA71248F3BC9ADFFCC6FBC /* [CP] Check Pods Manifest.lock */ = {
			isa = PBXShellScriptBuildPhase;
			buildActionMask = 2147483647;
			files = (
			);
			inputPaths = (
				"${PODS_PODFILE_DIR_PATH}/Podfile.lock",
				"${PODS_ROOT}/Manifest.lock",
			);
			name = "[CP] Check Pods Manifest.lock";
			outputPaths = (
				"$(DERIVED_FILE_DIR)/Pods-SuccessionRestore-checkManifestLockResult.txt",
			);
			runOnlyForDeploymentPostprocessing = 0;
			shellPath = /bin/sh;
			shellScript = "diff \"${PODS_PODFILE_DIR_PATH}/Podfile.lock\" \"${PODS_ROOT}/Manifest.lock\" > /dev/null\nif [ $? != 0 ] ; then\n    # print error to STDERR\n    echo \"error: The sandbox is not in sync with the Podfile.lock. Run 'pod install' or update your CocoaPods installation.\" >&2\n    exit 1\nfi\n# This output is used by Xcode 'outputs' to avoid re-running this script phase.\necho \"SUCCESS\" > \"${SCRIPT_OUTPUT_FILE_0}\"\n";
			showEnvVarsInLog = 0;
		};
		794738C1E8D07681336CD2E6 /* [CP] Embed Pods Frameworks */ = {
			isa = PBXShellScriptBuildPhase;
			buildActionMask = 2147483647;
			files = (
			);
			inputPaths = (
			);
			name = "[CP] Embed Pods Frameworks";
			outputPaths = (
			);
			runOnlyForDeploymentPostprocessing = 0;
			shellPath = /bin/sh;
			shellScript = "\"${SRCROOT}/Pods/Target Support Files/Pods-SuccessionRestoreUITests/Pods-SuccessionRestoreUITests-frameworks.sh\"\n";
			showEnvVarsInLog = 0;
		};
		7C4917ADA5F6C245E226F011 /* [CP] Embed Pods Frameworks */ = {
			isa = PBXShellScriptBuildPhase;
			buildActionMask = 2147483647;
			files = (
			);
			inputPaths = (
			);
			name = "[CP] Embed Pods Frameworks";
			outputPaths = (
			);
			runOnlyForDeploymentPostprocessing = 0;
			shellPath = /bin/sh;
			shellScript = "\"${SRCROOT}/Pods/Target Support Files/Pods-SuccessionRestore/Pods-SuccessionRestore-frameworks.sh\"\n";
			showEnvVarsInLog = 0;
		};
		CE6AF9249A519AF23F826684 /* [CP] Copy Pods Resources */ = {
			isa = PBXShellScriptBuildPhase;
			buildActionMask = 2147483647;
			files = (
			);
			inputPaths = (
			);
			name = "[CP] Copy Pods Resources";
			outputPaths = (
			);
			runOnlyForDeploymentPostprocessing = 0;
			shellPath = /bin/sh;
			shellScript = "\"${SRCROOT}/Pods/Target Support Files/Pods-SuccessionRestoreUITests/Pods-SuccessionRestoreUITests-resources.sh\"\n";
			showEnvVarsInLog = 0;
		};
		E65C22B9A706D97989FF66C7 /* [CP] Check Pods Manifest.lock */ = {
			isa = PBXShellScriptBuildPhase;
			buildActionMask = 2147483647;
			files = (
			);
			inputPaths = (
				"${PODS_PODFILE_DIR_PATH}/Podfile.lock",
				"${PODS_ROOT}/Manifest.lock",
			);
			name = "[CP] Check Pods Manifest.lock";
			outputPaths = (
				"$(DERIVED_FILE_DIR)/Pods-SuccessionRestoreTests-checkManifestLockResult.txt",
			);
			runOnlyForDeploymentPostprocessing = 0;
			shellPath = /bin/sh;
			shellScript = "diff \"${PODS_PODFILE_DIR_PATH}/Podfile.lock\" \"${PODS_ROOT}/Manifest.lock\" > /dev/null\nif [ $? != 0 ] ; then\n    # print error to STDERR\n    echo \"error: The sandbox is not in sync with the Podfile.lock. Run 'pod install' or update your CocoaPods installation.\" >&2\n    exit 1\nfi\n# This output is used by Xcode 'outputs' to avoid re-running this script phase.\necho \"SUCCESS\" > \"${SCRIPT_OUTPUT_FILE_0}\"\n";
			showEnvVarsInLog = 0;
		};
		FF2E6EBDFE72DEF3547D755C /* [CP] Embed Pods Frameworks */ = {
			isa = PBXShellScriptBuildPhase;
			buildActionMask = 2147483647;
			files = (
			);
			inputPaths = (
			);
			name = "[CP] Embed Pods Frameworks";
			outputPaths = (
			);
			runOnlyForDeploymentPostprocessing = 0;
			shellPath = /bin/sh;
			shellScript = "\"${SRCROOT}/Pods/Target Support Files/Pods-SuccessionRestoreTests/Pods-SuccessionRestoreTests-frameworks.sh\"\n";
			showEnvVarsInLog = 0;
		};
/* End PBXShellScriptBuildPhase section */

/* Begin PBXSourcesBuildPhase section */
		8D5BA2711F7C792E00A169BF /* Sources */ = {
			isa = PBXSourcesBuildPhase;
			buildActionMask = 2147483647;
			files = (
				8D5BA27D1F7C792E00A169BF /* ViewController.m in Sources */,
				8D5BA2881F7C792E00A169BF /* main.m in Sources */,
				8D8A68451F816F38008EF3BC /* CDBDownloader.m in Sources */,
				8D5BA27A1F7C792E00A169BF /* AppDelegate.m in Sources */,
			);
			runOnlyForDeploymentPostprocessing = 0;
		};
		8D5BA2891F7C792F00A169BF /* Sources */ = {
			isa = PBXSourcesBuildPhase;
			buildActionMask = 2147483647;
			files = (
				8D5BA2921F7C792F00A169BF /* SuccessionRestoreTests.m in Sources */,
			);
			runOnlyForDeploymentPostprocessing = 0;
		};
		8D5BA2941F7C792F00A169BF /* Sources */ = {
			isa = PBXSourcesBuildPhase;
			buildActionMask = 2147483647;
			files = (
				8D5BA29D1F7C792F00A169BF /* SuccessionRestoreUITests.m in Sources */,
			);
			runOnlyForDeploymentPostprocessing = 0;
		};
/* End PBXSourcesBuildPhase section */

/* Begin PBXTargetDependency section */
		8D5BA28F1F7C792F00A169BF /* PBXTargetDependency */ = {
			isa = PBXTargetDependency;
			target = 8D5BA2741F7C792E00A169BF /* SuccessionRestore */;
			targetProxy = 8D5BA28E1F7C792F00A169BF /* PBXContainerItemProxy */;
		};
		8D5BA29A1F7C792F00A169BF /* PBXTargetDependency */ = {
			isa = PBXTargetDependency;
			target = 8D5BA2741F7C792E00A169BF /* SuccessionRestore */;
			targetProxy = 8D5BA2991F7C792F00A169BF /* PBXContainerItemProxy */;
		};
/* End PBXTargetDependency section */

/* Begin PBXVariantGroup section */
		8D5BA27E1F7C792E00A169BF /* Main.storyboard */ = {
			isa = PBXVariantGroup;
			children = (
				8D5BA27F1F7C792E00A169BF /* Base */,
			);
			name = Main.storyboard;
			sourceTree = "<group>";
		};
		8D5BA2831F7C792E00A169BF /* LaunchScreen.storyboard */ = {
			isa = PBXVariantGroup;
			children = (
				8D5BA2841F7C792E00A169BF /* Base */,
			);
			name = LaunchScreen.storyboard;
			sourceTree = "<group>";
		};
/* End PBXVariantGroup section */

/* Begin XCBuildConfiguration section */
		8D5BA29F1F7C792F00A169BF /* Debug */ = {
			isa = XCBuildConfiguration;
			buildSettings = {
				ALWAYS_SEARCH_USER_PATHS = NO;
				CLANG_ANALYZER_NONNULL = YES;
				CLANG_ANALYZER_NUMBER_OBJECT_CONVERSION = YES_AGGRESSIVE;
				CLANG_CXX_LANGUAGE_STANDARD = "gnu++14";
				CLANG_CXX_LIBRARY = "libc++";
				CLANG_ENABLE_MODULES = YES;
				CLANG_ENABLE_OBJC_ARC = YES;
				CLANG_WARN_BLOCK_CAPTURE_AUTORELEASING = YES;
				CLANG_WARN_BOOL_CONVERSION = YES;
				CLANG_WARN_COMMA = YES;
				CLANG_WARN_CONSTANT_CONVERSION = YES;
				CLANG_WARN_DIRECT_OBJC_ISA_USAGE = YES_ERROR;
				CLANG_WARN_DOCUMENTATION_COMMENTS = YES;
				CLANG_WARN_EMPTY_BODY = YES;
				CLANG_WARN_ENUM_CONVERSION = YES;
				CLANG_WARN_INFINITE_RECURSION = YES;
				CLANG_WARN_INT_CONVERSION = YES;
				CLANG_WARN_NON_LITERAL_NULL_CONVERSION = YES;
				CLANG_WARN_OBJC_LITERAL_CONVERSION = YES;
				CLANG_WARN_OBJC_ROOT_CLASS = YES_ERROR;
				CLANG_WARN_RANGE_LOOP_ANALYSIS = YES;
				CLANG_WARN_STRICT_PROTOTYPES = YES;
				CLANG_WARN_SUSPICIOUS_MOVE = YES;
				CLANG_WARN_UNGUARDED_AVAILABILITY = YES_AGGRESSIVE;
				CLANG_WARN_UNREACHABLE_CODE = YES;
				CLANG_WARN__DUPLICATE_METHOD_MATCH = YES;
				CODE_SIGN_IDENTITY = "iPhone Developer";
				COPY_PHASE_STRIP = NO;
				DEBUG_INFORMATION_FORMAT = dwarf;
				ENABLE_STRICT_OBJC_MSGSEND = YES;
				ENABLE_TESTABILITY = YES;
				GCC_C_LANGUAGE_STANDARD = gnu11;
				GCC_DYNAMIC_NO_PIC = NO;
				GCC_NO_COMMON_BLOCKS = YES;
				GCC_OPTIMIZATION_LEVEL = 0;
				GCC_PREPROCESSOR_DEFINITIONS = (
					"DEBUG=1",
					"$(inherited)",
				);
				GCC_WARN_64_TO_32_BIT_CONVERSION = YES;
				GCC_WARN_ABOUT_RETURN_TYPE = YES_ERROR;
				GCC_WARN_UNDECLARED_SELECTOR = YES;
				GCC_WARN_UNINITIALIZED_AUTOS = YES_AGGRESSIVE;
				GCC_WARN_UNUSED_FUNCTION = YES;
				GCC_WARN_UNUSED_VARIABLE = YES;
				IPHONEOS_DEPLOYMENT_TARGET = 11.0;
				MTL_ENABLE_DEBUG_INFO = YES;
				ONLY_ACTIVE_ARCH = YES;
				SDKROOT = iphoneos;
			};
			name = Debug;
		};
		8D5BA2A01F7C792F00A169BF /* Release */ = {
			isa = XCBuildConfiguration;
			buildSettings = {
				ALWAYS_SEARCH_USER_PATHS = NO;
				CLANG_ANALYZER_NONNULL = YES;
				CLANG_ANALYZER_NUMBER_OBJECT_CONVERSION = YES_AGGRESSIVE;
				CLANG_CXX_LANGUAGE_STANDARD = "gnu++14";
				CLANG_CXX_LIBRARY = "libc++";
				CLANG_ENABLE_MODULES = YES;
				CLANG_ENABLE_OBJC_ARC = YES;
				CLANG_WARN_BLOCK_CAPTURE_AUTORELEASING = YES;
				CLANG_WARN_BOOL_CONVERSION = YES;
				CLANG_WARN_COMMA = YES;
				CLANG_WARN_CONSTANT_CONVERSION = YES;
				CLANG_WARN_DIRECT_OBJC_ISA_USAGE = YES_ERROR;
				CLANG_WARN_DOCUMENTATION_COMMENTS = YES;
				CLANG_WARN_EMPTY_BODY = YES;
				CLANG_WARN_ENUM_CONVERSION = YES;
				CLANG_WARN_INFINITE_RECURSION = YES;
				CLANG_WARN_INT_CONVERSION = YES;
				CLANG_WARN_NON_LITERAL_NULL_CONVERSION = YES;
				CLANG_WARN_OBJC_LITERAL_CONVERSION = YES;
				CLANG_WARN_OBJC_ROOT_CLASS = YES_ERROR;
				CLANG_WARN_RANGE_LOOP_ANALYSIS = YES;
				CLANG_WARN_STRICT_PROTOTYPES = YES;
				CLANG_WARN_SUSPICIOUS_MOVE = YES;
				CLANG_WARN_UNGUARDED_AVAILABILITY = YES_AGGRESSIVE;
				CLANG_WARN_UNREACHABLE_CODE = YES;
				CLANG_WARN__DUPLICATE_METHOD_MATCH = YES;
				CODE_SIGN_IDENTITY = "iPhone Developer";
				COPY_PHASE_STRIP = NO;
				DEBUG_INFORMATION_FORMAT = "dwarf-with-dsym";
				ENABLE_NS_ASSERTIONS = NO;
				ENABLE_STRICT_OBJC_MSGSEND = YES;
				GCC_C_LANGUAGE_STANDARD = gnu11;
				GCC_NO_COMMON_BLOCKS = YES;
				GCC_WARN_64_TO_32_BIT_CONVERSION = YES;
				GCC_WARN_ABOUT_RETURN_TYPE = YES_ERROR;
				GCC_WARN_UNDECLARED_SELECTOR = YES;
				GCC_WARN_UNINITIALIZED_AUTOS = YES_AGGRESSIVE;
				GCC_WARN_UNUSED_FUNCTION = YES;
				GCC_WARN_UNUSED_VARIABLE = YES;
				IPHONEOS_DEPLOYMENT_TARGET = 11.0;
				MTL_ENABLE_DEBUG_INFO = NO;
				SDKROOT = iphoneos;
				VALIDATE_PRODUCT = YES;
			};
			name = Release;
		};
		8D5BA2A21F7C792F00A169BF /* Debug */ = {
			isa = XCBuildConfiguration;
			baseConfigurationReference = 7DBE0855D1A82EEE386ED574 /* Pods-SuccessionRestore.debug.xcconfig */;
			buildSettings = {
				ASSETCATALOG_COMPILER_APPICON_NAME = AppIcon;
				CODE_SIGN_STYLE = Automatic;
				DEVELOPMENT_TEAM = 62PB6NV7YN;
				INFOPLIST_FILE = SuccessionRestore/Info.plist;
				IPHONEOS_DEPLOYMENT_TARGET = 9.0;
				LD_RUNPATH_SEARCH_PATHS = "$(inherited) @executable_path/Frameworks";
				PRODUCT_BUNDLE_IDENTIFIER = com.samgisaninja.SuccessionRestore;
				PRODUCT_NAME = "$(TARGET_NAME)";
				TARGETED_DEVICE_FAMILY = "1,2";
			};
			name = Debug;
		};
		8D5BA2A31F7C792F00A169BF /* Release */ = {
			isa = XCBuildConfiguration;
			baseConfigurationReference = E0D9C40517BBA9797C0630BB /* Pods-SuccessionRestore.release.xcconfig */;
			buildSettings = {
				ASSETCATALOG_COMPILER_APPICON_NAME = AppIcon;
				CODE_SIGN_STYLE = Automatic;
				DEVELOPMENT_TEAM = 62PB6NV7YN;
				INFOPLIST_FILE = SuccessionRestore/Info.plist;
				IPHONEOS_DEPLOYMENT_TARGET = 9.0;
				LD_RUNPATH_SEARCH_PATHS = "$(inherited) @executable_path/Frameworks";
				PRODUCT_BUNDLE_IDENTIFIER = com.samgisaninja.SuccessionRestore;
				PRODUCT_NAME = "$(TARGET_NAME)";
				TARGETED_DEVICE_FAMILY = "1,2";
			};
			name = Release;
		};
		8D5BA2A51F7C792F00A169BF /* Debug */ = {
			isa = XCBuildConfiguration;
			baseConfigurationReference = 28F8B94A9AF722F27560350D /* Pods-SuccessionRestoreTests.debug.xcconfig */;
			buildSettings = {
				BUNDLE_LOADER = "$(TEST_HOST)";
				CODE_SIGN_STYLE = Automatic;
				DEVELOPMENT_TEAM = 62PB6NV7YN;
				INFOPLIST_FILE = SuccessionRestoreTests/Info.plist;
				LD_RUNPATH_SEARCH_PATHS = "$(inherited) @executable_path/Frameworks @loader_path/Frameworks";
				PRODUCT_BUNDLE_IDENTIFIER = com.samgisaninja.SuccessionRestoreTests;
				PRODUCT_NAME = "$(TARGET_NAME)";
				TARGETED_DEVICE_FAMILY = "1,2";
				TEST_HOST = "$(BUILT_PRODUCTS_DIR)/SuccessionRestore.app/SuccessionRestore";
			};
			name = Debug;
		};
		8D5BA2A61F7C792F00A169BF /* Release */ = {
			isa = XCBuildConfiguration;
			baseConfigurationReference = 9F36089571EEDC24F871C3C0 /* Pods-SuccessionRestoreTests.release.xcconfig */;
			buildSettings = {
				BUNDLE_LOADER = "$(TEST_HOST)";
				CODE_SIGN_STYLE = Automatic;
				DEVELOPMENT_TEAM = 62PB6NV7YN;
				INFOPLIST_FILE = SuccessionRestoreTests/Info.plist;
				LD_RUNPATH_SEARCH_PATHS = "$(inherited) @executable_path/Frameworks @loader_path/Frameworks";
				PRODUCT_BUNDLE_IDENTIFIER = com.samgisaninja.SuccessionRestoreTests;
				PRODUCT_NAME = "$(TARGET_NAME)";
				TARGETED_DEVICE_FAMILY = "1,2";
				TEST_HOST = "$(BUILT_PRODUCTS_DIR)/SuccessionRestore.app/SuccessionRestore";
			};
			name = Release;
		};
		8D5BA2A81F7C792F00A169BF /* Debug */ = {
			isa = XCBuildConfiguration;
			baseConfigurationReference = 01A11EC134F1F9914CB25938 /* Pods-SuccessionRestoreUITests.debug.xcconfig */;
			buildSettings = {
				CODE_SIGN_STYLE = Automatic;
				DEVELOPMENT_TEAM = 62PB6NV7YN;
				INFOPLIST_FILE = SuccessionRestoreUITests/Info.plist;
				LD_RUNPATH_SEARCH_PATHS = "$(inherited) @executable_path/Frameworks @loader_path/Frameworks";
				PRODUCT_BUNDLE_IDENTIFIER = com.samgisaninja.SuccessionRestoreUITests;
				PRODUCT_NAME = "$(TARGET_NAME)";
				TARGETED_DEVICE_FAMILY = "1,2";
				TEST_TARGET_NAME = SuccessionRestore;
			};
			name = Debug;
		};
		8D5BA2A91F7C792F00A169BF /* Release */ = {
			isa = XCBuildConfiguration;
			baseConfigurationReference = BFF004FE92A2EE6CF8FC9E9E /* Pods-SuccessionRestoreUITests.release.xcconfig */;
			buildSettings = {
				CODE_SIGN_STYLE = Automatic;
				DEVELOPMENT_TEAM = 62PB6NV7YN;
				INFOPLIST_FILE = SuccessionRestoreUITests/Info.plist;
				LD_RUNPATH_SEARCH_PATHS = "$(inherited) @executable_path/Frameworks @loader_path/Frameworks";
				PRODUCT_BUNDLE_IDENTIFIER = com.samgisaninja.SuccessionRestoreUITests;
				PRODUCT_NAME = "$(TARGET_NAME)";
				TARGETED_DEVICE_FAMILY = "1,2";
				TEST_TARGET_NAME = SuccessionRestore;
			};
			name = Release;
		};
/* End XCBuildConfiguration section */

/* Begin XCConfigurationList section */
		8D5BA2701F7C792E00A169BF /* Build configuration list for PBXProject "SuccessionRestore" */ = {
			isa = XCConfigurationList;
			buildConfigurations = (
				8D5BA29F1F7C792F00A169BF /* Debug */,
				8D5BA2A01F7C792F00A169BF /* Release */,
			);
			defaultConfigurationIsVisible = 0;
			defaultConfigurationName = Release;
		};
		8D5BA2A11F7C792F00A169BF /* Build configuration list for PBXNativeTarget "SuccessionRestore" */ = {
			isa = XCConfigurationList;
			buildConfigurations = (
				8D5BA2A21F7C792F00A169BF /* Debug */,
				8D5BA2A31F7C792F00A169BF /* Release */,
			);
			defaultConfigurationIsVisible = 0;
			defaultConfigurationName = Release;
		};
		8D5BA2A41F7C792F00A169BF /* Build configuration list for PBXNativeTarget "SuccessionRestoreTests" */ = {
			isa = XCConfigurationList;
			buildConfigurations = (
				8D5BA2A51F7C792F00A169BF /* Debug */,
				8D5BA2A61F7C792F00A169BF /* Release */,
			);
			defaultConfigurationIsVisible = 0;
			defaultConfigurationName = Release;
		};
		8D5BA2A71F7C792F00A169BF /* Build configuration list for PBXNativeTarget "SuccessionRestoreUITests" */ = {
			isa = XCConfigurationList;
			buildConfigurations = (
				8D5BA2A81F7C792F00A169BF /* Debug */,
				8D5BA2A91F7C792F00A169BF /* Release */,
			);
			defaultConfigurationIsVisible = 0;
			defaultConfigurationName = Release;
		};
/* End XCConfigurationList section */
	};
	rootObject = 8D5BA26D1F7C792E00A169BF /* Project object */;
}
