// !$*UTF8*$!
{
	archiveVersion = 1;
	classes = {
	};
	objectVersion = 48;
	objects = {

/* Begin PBXBuildFile section */
		8D175B5B224429CB00FF7DFD /* NSTask.h in Sources */ = {isa = PBXBuildFile; fileRef = 8D4C260B21BF57C700BBA404 /* NSTask.h */; settings = {COMPILER_FLAGS = "-w"; }; };
		8D24F5062325C67D00215579 /* (null) in Resources */ = {isa = PBXBuildFile; };
		8D28F62E23F7F4B800D9CFD0 /* Zebra.md in Resources */ = {isa = PBXBuildFile; fileRef = 8D28F62D23F7F49E00D9CFD0 /* Zebra.md */; };
		8D40BF0F231261F300240454 /* hdik-arm64e in Resources */ = {isa = PBXBuildFile; fileRef = 8D40BF0E231261F300240454 /* hdik-arm64e */; };
		8D5BA27A1F7C792E00A169BF /* AppDelegate.m in Sources */ = {isa = PBXBuildFile; fileRef = 8D5BA2791F7C792E00A169BF /* AppDelegate.m */; };
		8D5BA27D1F7C792E00A169BF /* HomePageViewController.m in Sources */ = {isa = PBXBuildFile; fileRef = 8D5BA27C1F7C792E00A169BF /* HomePageViewController.m */; };
		8D5BA2801F7C792E00A169BF /* Main.storyboard in Resources */ = {isa = PBXBuildFile; fileRef = 8D5BA27E1F7C792E00A169BF /* Main.storyboard */; };
		8D5BA2821F7C792E00A169BF /* Assets.xcassets in Resources */ = {isa = PBXBuildFile; fileRef = 8D5BA2811F7C792E00A169BF /* Assets.xcassets */; };
		8D5BA2851F7C792E00A169BF /* LaunchScreen.storyboard in Resources */ = {isa = PBXBuildFile; fileRef = 8D5BA2831F7C792E00A169BF /* LaunchScreen.storyboard */; };
		8D5BA2881F7C792E00A169BF /* main.m in Sources */ = {isa = PBXBuildFile; fileRef = 8D5BA2871F7C792E00A169BF /* main.m */; };
		8D7ABB0F2319DDCD0098C52B /* DecryptViewController.m in Sources */ = {isa = PBXBuildFile; fileRef = 8D7ABB0E2319DDCD0098C52B /* DecryptViewController.m */; };
		8D876122202679E2004A6F27 /* DownloadViewController.m in Sources */ = {isa = PBXBuildFile; fileRef = 8D876121202679E2004A6F27 /* DownloadViewController.m */; };
		8D8F2FAA2264095D0044CF00 /* SpecialThanksTableViewController.m in Sources */ = {isa = PBXBuildFile; fileRef = 8D8F2FA92264095D0044CF00 /* SpecialThanksTableViewController.m */; };
		8D980C972303D125009717B4 /* hdik-armv7 in Resources */ = {isa = PBXBuildFile; fileRef = 8D980C962303D125009717B4 /* hdik-armv7 */; };
		8D980C992303D26C009717B4 /* hdik-arm64 in Resources */ = {isa = PBXBuildFile; fileRef = 8D980C982303D26C009717B4 /* hdik-arm64 */; };
		8DBB348523F722EC009C64AD /* inflate.c in Sources */ = {isa = PBXBuildFile; fileRef = 8DBB344523F722EB009C64AD /* inflate.c */; };
		8DBB348623F722EC009C64AD /* compress.c in Sources */ = {isa = PBXBuildFile; fileRef = 8DBB344623F722EB009C64AD /* compress.c */; };
		8DBB348723F722EC009C64AD /* deflate.c in Sources */ = {isa = PBXBuildFile; fileRef = 8DBB344723F722EB009C64AD /* deflate.c */; };
		8DBB348823F722EC009C64AD /* gzread.c in Sources */ = {isa = PBXBuildFile; fileRef = 8DBB344923F722EB009C64AD /* gzread.c */; };
		8DBB348923F722EC009C64AD /* crc32.c in Sources */ = {isa = PBXBuildFile; fileRef = 8DBB344C23F722EB009C64AD /* crc32.c */; };
		8DBB348A23F722EC009C64AD /* infback.c in Sources */ = {isa = PBXBuildFile; fileRef = 8DBB344D23F722EB009C64AD /* infback.c */; };
		8DBB348B23F722EC009C64AD /* zutil.c in Sources */ = {isa = PBXBuildFile; fileRef = 8DBB344E23F722EB009C64AD /* zutil.c */; };
		8DBB348C23F722EC009C64AD /* gzlib.c in Sources */ = {isa = PBXBuildFile; fileRef = 8DBB345223F722EB009C64AD /* gzlib.c */; };
		8DBB348D23F722EC009C64AD /* inftrees.c in Sources */ = {isa = PBXBuildFile; fileRef = 8DBB345423F722EB009C64AD /* inftrees.c */; };
		8DBB348E23F722EC009C64AD /* uncompr.c in Sources */ = {isa = PBXBuildFile; fileRef = 8DBB345523F722EB009C64AD /* uncompr.c */; };
		8DBB348F23F722EC009C64AD /* gzwrite.c in Sources */ = {isa = PBXBuildFile; fileRef = 8DBB345623F722EB009C64AD /* gzwrite.c */; };
		8DBB349023F722EC009C64AD /* trees.c in Sources */ = {isa = PBXBuildFile; fileRef = 8DBB345723F722EB009C64AD /* trees.c */; };
		8DBB349123F722EC009C64AD /* gzclose.c in Sources */ = {isa = PBXBuildFile; fileRef = 8DBB345823F722EB009C64AD /* gzclose.c */; };
		8DBB349223F722EC009C64AD /* inffast.c in Sources */ = {isa = PBXBuildFile; fileRef = 8DBB345A23F722EB009C64AD /* inffast.c */; };
		8DBB349323F722EC009C64AD /* adler32.c in Sources */ = {isa = PBXBuildFile; fileRef = 8DBB345B23F722EB009C64AD /* adler32.c */; };
		8DBB349423F722EC009C64AD /* crypt.c in Sources */ = {isa = PBXBuildFile; fileRef = 8DBB345E23F722EB009C64AD /* crypt.c */; };
		8DBB349523F722EC009C64AD /* unzip.c in Sources */ = {isa = PBXBuildFile; fileRef = 8DBB345F23F722EB009C64AD /* unzip.c */; };
		8DBB349623F722EC009C64AD /* zip.c in Sources */ = {isa = PBXBuildFile; fileRef = 8DBB346023F722EB009C64AD /* zip.c */; };
		8DBB349723F722EC009C64AD /* ioapi.c in Sources */ = {isa = PBXBuildFile; fileRef = 8DBB346123F722EB009C64AD /* ioapi.c */; };
		8DBB349823F722EC009C64AD /* NSData+CRC32.m in Sources */ = {isa = PBXBuildFile; fileRef = 8DBB346723F722EB009C64AD /* NSData+CRC32.m */; };
		8DBB349923F722EC009C64AD /* OZZipException.m in Sources */ = {isa = PBXBuildFile; fileRef = 8DBB346823F722EB009C64AD /* OZZipException.m */; };
		8DBB349A23F722EC009C64AD /* NSDate+DOSDate.m in Sources */ = {isa = PBXBuildFile; fileRef = 8DBB346D23F722EB009C64AD /* NSDate+DOSDate.m */; };
		8DBB349B23F722EC009C64AD /* OZFileInZipInfo.m in Sources */ = {isa = PBXBuildFile; fileRef = 8DBB346E23F722EB009C64AD /* OZFileInZipInfo.m */; };
		8DBB349C23F722EC009C64AD /* OZZipFile.m in Sources */ = {isa = PBXBuildFile; fileRef = 8DBB347423F722EB009C64AD /* OZZipFile.m */; };
		8DBB349D23F722EC009C64AD /* OZZipReadStream.m in Sources */ = {isa = PBXBuildFile; fileRef = 8DBB347823F722EB009C64AD /* OZZipReadStream.m */; };
		8DBB349E23F722EC009C64AD /* OZZipWriteStream.m in Sources */ = {isa = PBXBuildFile; fileRef = 8DBB348023F722EB009C64AD /* OZZipWriteStream.m */; };
		8DBB349F23F722EC009C64AD /* LICENSE.md in Resources */ = {isa = PBXBuildFile; fileRef = 8DBB348323F722EB009C64AD /* LICENSE.md */; };
		8DBB34A023F722EC009C64AD /* README.md in Resources */ = {isa = PBXBuildFile; fileRef = 8DBB348423F722EB009C64AD /* README.md */; };
		8DCED5FB234134F800B8DD4F /* binaryinfo.txt in Resources */ = {isa = PBXBuildFile; fileRef = 8DCED5FA234134F800B8DD4F /* binaryinfo.txt */; };
		8DE5B2A822611C0F00502C8F /* SettingsTableViewController.m in Sources */ = {isa = PBXBuildFile; fileRef = 8DE5B2A722611C0F00502C8F /* SettingsTableViewController.m */; };
		8DF38BF523904B9300C65695 /* RestoreViewController.m in Sources */ = {isa = PBXBuildFile; fileRef = 8DF38BF423904B9300C65695 /* RestoreViewController.m */; };
		8DF4B8C523AF1AE3009EAB13 /* attach in Resources */ = {isa = PBXBuildFile; fileRef = 8DF4B8C423AF1AE3009EAB13 /* attach */; };
		8DFBE80122442FEB00A96C2C /* SpringBoardServices.framework in Frameworks */ = {isa = PBXBuildFile; fileRef = 8DFBE80022442FEB00A96C2C /* SpringBoardServices.framework */; };
/* End PBXBuildFile section */

/* Begin PBXCopyFilesBuildPhase section */
		8D15CACB2320967400C118FD /* CopyFiles */ = {
			isa = PBXCopyFilesBuildPhase;
			buildActionMask = 2147483647;
			dstPath = "";
			dstSubfolderSpec = 7;
			files = (
			);
			runOnlyForDeploymentPostprocessing = 0;
		};
/* End PBXCopyFilesBuildPhase section */

/* Begin PBXFileReference section */
		8D13280020F2CFB800C72D10 /* IOKit.framework */ = {isa = PBXFileReference; lastKnownFileType = wrapper.framework; name = IOKit.framework; path = ../../Downloads/IOKit.framework; sourceTree = "<group>"; };
		8D13280620F2F3A800C72D10 /* IOKit.framework */ = {isa = PBXFileReference; lastKnownFileType = wrapper.framework; name = IOKit.framework; path = SuccessionRestore/IOKit.framework; sourceTree = "<group>"; };
		8D28F62D23F7F49E00D9CFD0 /* Zebra.md */ = {isa = PBXFileReference; lastKnownFileType = net.daringfireball.markdown; path = Zebra.md; sourceTree = "<group>"; };
		8D40BF0E231261F300240454 /* hdik-arm64e */ = {isa = PBXFileReference; lastKnownFileType = "compiled.mach-o.executable"; path = "hdik-arm64e"; sourceTree = "<group>"; };
		8D4C260B21BF57C700BBA404 /* NSTask.h */ = {isa = PBXFileReference; lastKnownFileType = sourcecode.c.h; path = NSTask.h; sourceTree = "<group>"; };
		8D5BA2751F7C792E00A169BF /* SuccessionRestore.app */ = {isa = PBXFileReference; explicitFileType = wrapper.application; includeInIndex = 0; path = SuccessionRestore.app; sourceTree = BUILT_PRODUCTS_DIR; };
		8D5BA2781F7C792E00A169BF /* AppDelegate.h */ = {isa = PBXFileReference; lastKnownFileType = sourcecode.c.h; path = AppDelegate.h; sourceTree = "<group>"; };
		8D5BA2791F7C792E00A169BF /* AppDelegate.m */ = {isa = PBXFileReference; lastKnownFileType = sourcecode.c.objc; path = AppDelegate.m; sourceTree = "<group>"; };
		8D5BA27B1F7C792E00A169BF /* HomePageViewController.h */ = {isa = PBXFileReference; lastKnownFileType = sourcecode.c.h; path = HomePageViewController.h; sourceTree = "<group>"; };
		8D5BA27C1F7C792E00A169BF /* HomePageViewController.m */ = {isa = PBXFileReference; lastKnownFileType = sourcecode.c.objc; path = HomePageViewController.m; sourceTree = "<group>"; };
		8D5BA27F1F7C792E00A169BF /* Base */ = {isa = PBXFileReference; lastKnownFileType = file.storyboard; name = Base; path = Base.lproj/Main.storyboard; sourceTree = "<group>"; };
		8D5BA2811F7C792E00A169BF /* Assets.xcassets */ = {isa = PBXFileReference; lastKnownFileType = folder.assetcatalog; path = Assets.xcassets; sourceTree = "<group>"; };
		8D5BA2841F7C792E00A169BF /* Base */ = {isa = PBXFileReference; lastKnownFileType = file.storyboard; name = Base; path = Base.lproj/LaunchScreen.storyboard; sourceTree = "<group>"; };
		8D5BA2861F7C792E00A169BF /* Info.plist */ = {isa = PBXFileReference; lastKnownFileType = text.plist.xml; path = Info.plist; sourceTree = "<group>"; };
		8D5BA2871F7C792E00A169BF /* main.m */ = {isa = PBXFileReference; lastKnownFileType = sourcecode.c.objc; path = main.m; sourceTree = "<group>"; };
		8D73E98A232636B70016335E /* compile64.xcconfig */ = {isa = PBXFileReference; lastKnownFileType = text.xcconfig; path = compile64.xcconfig; sourceTree = "<group>"; };
		8D7ABB0D2319DDCD0098C52B /* DecryptViewController.h */ = {isa = PBXFileReference; lastKnownFileType = sourcecode.c.h; path = DecryptViewController.h; sourceTree = "<group>"; };
		8D7ABB0E2319DDCD0098C52B /* DecryptViewController.m */ = {isa = PBXFileReference; lastKnownFileType = sourcecode.c.objc; path = DecryptViewController.m; sourceTree = "<group>"; };
		8D876120202679E2004A6F27 /* DownloadViewController.h */ = {isa = PBXFileReference; lastKnownFileType = sourcecode.c.h; path = DownloadViewController.h; sourceTree = "<group>"; };
		8D876121202679E2004A6F27 /* DownloadViewController.m */ = {isa = PBXFileReference; lastKnownFileType = sourcecode.c.objc; path = DownloadViewController.m; sourceTree = "<group>"; };
		8D8F2FA82264095D0044CF00 /* SpecialThanksTableViewController.h */ = {isa = PBXFileReference; lastKnownFileType = sourcecode.c.h; path = SpecialThanksTableViewController.h; sourceTree = "<group>"; };
		8D8F2FA92264095D0044CF00 /* SpecialThanksTableViewController.m */ = {isa = PBXFileReference; lastKnownFileType = sourcecode.c.objc; path = SpecialThanksTableViewController.m; sourceTree = "<group>"; };
		8D980C962303D125009717B4 /* hdik-armv7 */ = {isa = PBXFileReference; lastKnownFileType = "compiled.mach-o.executable"; path = "hdik-armv7"; sourceTree = "<group>"; };
		8D980C982303D26C009717B4 /* hdik-arm64 */ = {isa = PBXFileReference; lastKnownFileType = "compiled.mach-o.executable"; path = "hdik-arm64"; sourceTree = "<group>"; };
		8DAC229E2277B9B000EA2A59 /* beta.plist */ = {isa = PBXFileReference; fileEncoding = 4; lastKnownFileType = text.plist.xml; path = beta.plist; sourceTree = "<group>"; };
		8DBB344323F722EB009C64AD /* zutil.h */ = {isa = PBXFileReference; fileEncoding = 4; lastKnownFileType = sourcecode.c.h; path = zutil.h; sourceTree = "<group>"; };
		8DBB344423F722EB009C64AD /* inftrees.h */ = {isa = PBXFileReference; fileEncoding = 4; lastKnownFileType = sourcecode.c.h; path = inftrees.h; sourceTree = "<group>"; };
		8DBB344523F722EB009C64AD /* inflate.c */ = {isa = PBXFileReference; fileEncoding = 4; lastKnownFileType = sourcecode.c.c; path = inflate.c; sourceTree = "<group>"; };
		8DBB344623F722EB009C64AD /* compress.c */ = {isa = PBXFileReference; fileEncoding = 4; lastKnownFileType = sourcecode.c.c; path = compress.c; sourceTree = "<group>"; };
		8DBB344723F722EB009C64AD /* deflate.c */ = {isa = PBXFileReference; fileEncoding = 4; lastKnownFileType = sourcecode.c.c; path = deflate.c; sourceTree = "<group>"; };
		8DBB344823F722EB009C64AD /* inffixed.h */ = {isa = PBXFileReference; fileEncoding = 4; lastKnownFileType = sourcecode.c.h; path = inffixed.h; sourceTree = "<group>"; };
		8DBB344923F722EB009C64AD /* gzread.c */ = {isa = PBXFileReference; fileEncoding = 4; lastKnownFileType = sourcecode.c.c; path = gzread.c; sourceTree = "<group>"; };
		8DBB344A23F722EB009C64AD /* trees.h */ = {isa = PBXFileReference; fileEncoding = 4; lastKnownFileType = sourcecode.c.h; path = trees.h; sourceTree = "<group>"; };
		8DBB344B23F722EB009C64AD /* inffast.h */ = {isa = PBXFileReference; fileEncoding = 4; lastKnownFileType = sourcecode.c.h; path = inffast.h; sourceTree = "<group>"; };
		8DBB344C23F722EB009C64AD /* crc32.c */ = {isa = PBXFileReference; fileEncoding = 4; lastKnownFileType = sourcecode.c.c; path = crc32.c; sourceTree = "<group>"; };
		8DBB344D23F722EB009C64AD /* infback.c */ = {isa = PBXFileReference; fileEncoding = 4; lastKnownFileType = sourcecode.c.c; path = infback.c; sourceTree = "<group>"; };
		8DBB344E23F722EB009C64AD /* zutil.c */ = {isa = PBXFileReference; fileEncoding = 4; lastKnownFileType = sourcecode.c.c; path = zutil.c; sourceTree = "<group>"; };
		8DBB344F23F722EB009C64AD /* deflate.h */ = {isa = PBXFileReference; fileEncoding = 4; lastKnownFileType = sourcecode.c.h; path = deflate.h; sourceTree = "<group>"; };
		8DBB345023F722EB009C64AD /* gzguts.h */ = {isa = PBXFileReference; fileEncoding = 4; lastKnownFileType = sourcecode.c.h; path = gzguts.h; sourceTree = "<group>"; };
		8DBB345123F722EB009C64AD /* zlib.h */ = {isa = PBXFileReference; fileEncoding = 4; lastKnownFileType = sourcecode.c.h; path = zlib.h; sourceTree = "<group>"; };
		8DBB345223F722EB009C64AD /* gzlib.c */ = {isa = PBXFileReference; fileEncoding = 4; lastKnownFileType = sourcecode.c.c; path = gzlib.c; sourceTree = "<group>"; };
		8DBB345323F722EB009C64AD /* inflate.h */ = {isa = PBXFileReference; fileEncoding = 4; lastKnownFileType = sourcecode.c.h; path = inflate.h; sourceTree = "<group>"; };
		8DBB345423F722EB009C64AD /* inftrees.c */ = {isa = PBXFileReference; fileEncoding = 4; lastKnownFileType = sourcecode.c.c; path = inftrees.c; sourceTree = "<group>"; };
		8DBB345523F722EB009C64AD /* uncompr.c */ = {isa = PBXFileReference; fileEncoding = 4; lastKnownFileType = sourcecode.c.c; path = uncompr.c; sourceTree = "<group>"; };
		8DBB345623F722EB009C64AD /* gzwrite.c */ = {isa = PBXFileReference; fileEncoding = 4; lastKnownFileType = sourcecode.c.c; path = gzwrite.c; sourceTree = "<group>"; };
		8DBB345723F722EB009C64AD /* trees.c */ = {isa = PBXFileReference; fileEncoding = 4; lastKnownFileType = sourcecode.c.c; path = trees.c; sourceTree = "<group>"; };
		8DBB345823F722EB009C64AD /* gzclose.c */ = {isa = PBXFileReference; fileEncoding = 4; lastKnownFileType = sourcecode.c.c; path = gzclose.c; sourceTree = "<group>"; };
		8DBB345923F722EB009C64AD /* crc32.h */ = {isa = PBXFileReference; fileEncoding = 4; lastKnownFileType = sourcecode.c.h; path = crc32.h; sourceTree = "<group>"; };
		8DBB345A23F722EB009C64AD /* inffast.c */ = {isa = PBXFileReference; fileEncoding = 4; lastKnownFileType = sourcecode.c.c; path = inffast.c; sourceTree = "<group>"; };
		8DBB345B23F722EB009C64AD /* adler32.c */ = {isa = PBXFileReference; fileEncoding = 4; lastKnownFileType = sourcecode.c.c; path = adler32.c; sourceTree = "<group>"; };
		8DBB345C23F722EB009C64AD /* zconf.h */ = {isa = PBXFileReference; fileEncoding = 4; lastKnownFileType = sourcecode.c.h; path = zconf.h; sourceTree = "<group>"; };
		8DBB345E23F722EB009C64AD /* crypt.c */ = {isa = PBXFileReference; fileEncoding = 4; lastKnownFileType = sourcecode.c.c; path = crypt.c; sourceTree = "<group>"; };
		8DBB345F23F722EB009C64AD /* unzip.c */ = {isa = PBXFileReference; fileEncoding = 4; lastKnownFileType = sourcecode.c.c; path = unzip.c; sourceTree = "<group>"; };
		8DBB346023F722EB009C64AD /* zip.c */ = {isa = PBXFileReference; fileEncoding = 4; lastKnownFileType = sourcecode.c.c; path = zip.c; sourceTree = "<group>"; };
		8DBB346123F722EB009C64AD /* ioapi.c */ = {isa = PBXFileReference; fileEncoding = 4; lastKnownFileType = sourcecode.c.c; path = ioapi.c; sourceTree = "<group>"; };
		8DBB346223F722EB009C64AD /* crypt.h */ = {isa = PBXFileReference; fileEncoding = 4; lastKnownFileType = sourcecode.c.h; path = crypt.h; sourceTree = "<group>"; };
		8DBB346323F722EB009C64AD /* zip.h */ = {isa = PBXFileReference; fileEncoding = 4; lastKnownFileType = sourcecode.c.h; path = zip.h; sourceTree = "<group>"; };
		8DBB346423F722EB009C64AD /* unzip.h */ = {isa = PBXFileReference; fileEncoding = 4; lastKnownFileType = sourcecode.c.h; path = unzip.h; sourceTree = "<group>"; };
		8DBB346523F722EB009C64AD /* ioapi.h */ = {isa = PBXFileReference; fileEncoding = 4; lastKnownFileType = sourcecode.c.h; path = ioapi.h; sourceTree = "<group>"; };
		8DBB346723F722EB009C64AD /* NSData+CRC32.m */ = {isa = PBXFileReference; fileEncoding = 4; lastKnownFileType = sourcecode.c.objc; path = "NSData+CRC32.m"; sourceTree = "<group>"; };
		8DBB346823F722EB009C64AD /* OZZipException.m */ = {isa = PBXFileReference; fileEncoding = 4; lastKnownFileType = sourcecode.c.objc; path = OZZipException.m; sourceTree = "<group>"; };
		8DBB346923F722EB009C64AD /* OZZipReadStream.h */ = {isa = PBXFileReference; fileEncoding = 4; lastKnownFileType = sourcecode.c.h; path = OZZipReadStream.h; sourceTree = "<group>"; };
		8DBB346A23F722EB009C64AD /* Objective-Zip+NSError.h */ = {isa = PBXFileReference; fileEncoding = 4; lastKnownFileType = sourcecode.c.h; path = "Objective-Zip+NSError.h"; sourceTree = "<group>"; };
		8DBB346B23F722EB009C64AD /* OZZipFile.h */ = {isa = PBXFileReference; fileEncoding = 4; lastKnownFileType = sourcecode.c.h; path = OZZipFile.h; sourceTree = "<group>"; };
		8DBB346C23F722EB009C64AD /* OZZipReadStream+Standard.h */ = {isa = PBXFileReference; fileEncoding = 4; lastKnownFileType = sourcecode.c.h; path = "OZZipReadStream+Standard.h"; sourceTree = "<group>"; };
		8DBB346D23F722EB009C64AD /* NSDate+DOSDate.m */ = {isa = PBXFileReference; fileEncoding = 4; lastKnownFileType = sourcecode.c.objc; path = "NSDate+DOSDate.m"; sourceTree = "<group>"; };
		8DBB346E23F722EB009C64AD /* OZFileInZipInfo.m */ = {isa = PBXFileReference; fileEncoding = 4; lastKnownFileType = sourcecode.c.objc; path = OZFileInZipInfo.m; sourceTree = "<group>"; };
		8DBB346F23F722EB009C64AD /* OZZipCompressionLevel.h */ = {isa = PBXFileReference; fileEncoding = 4; lastKnownFileType = sourcecode.c.h; path = OZZipCompressionLevel.h; sourceTree = "<group>"; };
		8DBB347023F722EB009C64AD /* OZZipWriteStream.h */ = {isa = PBXFileReference; fileEncoding = 4; lastKnownFileType = sourcecode.c.h; path = OZZipWriteStream.h; sourceTree = "<group>"; };
		8DBB347123F722EB009C64AD /* OZZipFile+Standard.h */ = {isa = PBXFileReference; fileEncoding = 4; lastKnownFileType = sourcecode.c.h; path = "OZZipFile+Standard.h"; sourceTree = "<group>"; };
		8DBB347223F722EB009C64AD /* Objective-Zip.h */ = {isa = PBXFileReference; fileEncoding = 4; lastKnownFileType = sourcecode.c.h; path = "Objective-Zip.h"; sourceTree = "<group>"; };
		8DBB347323F722EB009C64AD /* NSData+CRC32.h */ = {isa = PBXFileReference; fileEncoding = 4; lastKnownFileType = sourcecode.c.h; path = "NSData+CRC32.h"; sourceTree = "<group>"; };
		8DBB347423F722EB009C64AD /* OZZipFile.m */ = {isa = PBXFileReference; fileEncoding = 4; lastKnownFileType = sourcecode.c.objc; path = OZZipFile.m; sourceTree = "<group>"; };
		8DBB347523F722EB009C64AD /* OZZipReadStream+Internals.h */ = {isa = PBXFileReference; fileEncoding = 4; lastKnownFileType = sourcecode.c.h; path = "OZZipReadStream+Internals.h"; sourceTree = "<group>"; };
		8DBB347623F722EB009C64AD /* OZZipFile+NSError.h */ = {isa = PBXFileReference; fileEncoding = 4; lastKnownFileType = sourcecode.c.h; path = "OZZipFile+NSError.h"; sourceTree = "<group>"; };
		8DBB347723F722EB009C64AD /* OZFileInZipInfo+Internals.h */ = {isa = PBXFileReference; fileEncoding = 4; lastKnownFileType = sourcecode.c.h; path = "OZFileInZipInfo+Internals.h"; sourceTree = "<group>"; };
		8DBB347823F722EB009C64AD /* OZZipReadStream.m */ = {isa = PBXFileReference; fileEncoding = 4; lastKnownFileType = sourcecode.c.objc; path = OZZipReadStream.m; sourceTree = "<group>"; };
		8DBB347923F722EB009C64AD /* OZZipReadStream+NSError.h */ = {isa = PBXFileReference; fileEncoding = 4; lastKnownFileType = sourcecode.c.h; path = "OZZipReadStream+NSError.h"; sourceTree = "<group>"; };
		8DBB347A23F722EB009C64AD /* OZZipException.h */ = {isa = PBXFileReference; fileEncoding = 4; lastKnownFileType = sourcecode.c.h; path = OZZipException.h; sourceTree = "<group>"; };
		8DBB347B23F722EB009C64AD /* OZZipException+Internals.h */ = {isa = PBXFileReference; fileEncoding = 4; lastKnownFileType = sourcecode.c.h; path = "OZZipException+Internals.h"; sourceTree = "<group>"; };
		8DBB347C23F722EB009C64AD /* OZZipWriteStream+Standard.h */ = {isa = PBXFileReference; fileEncoding = 4; lastKnownFileType = sourcecode.c.h; path = "OZZipWriteStream+Standard.h"; sourceTree = "<group>"; };
		8DBB347D23F722EB009C64AD /* NSDate+DOSDate.h */ = {isa = PBXFileReference; fileEncoding = 4; lastKnownFileType = sourcecode.c.h; path = "NSDate+DOSDate.h"; sourceTree = "<group>"; };
		8DBB347E23F722EB009C64AD /* OZZipFileMode.h */ = {isa = PBXFileReference; fileEncoding = 4; lastKnownFileType = sourcecode.c.h; path = OZZipFileMode.h; sourceTree = "<group>"; };
		8DBB347F23F722EB009C64AD /* OZZipWriteStream+NSError.h */ = {isa = PBXFileReference; fileEncoding = 4; lastKnownFileType = sourcecode.c.h; path = "OZZipWriteStream+NSError.h"; sourceTree = "<group>"; };
		8DBB348023F722EB009C64AD /* OZZipWriteStream.m */ = {isa = PBXFileReference; fileEncoding = 4; lastKnownFileType = sourcecode.c.objc; path = OZZipWriteStream.m; sourceTree = "<group>"; };
		8DBB348123F722EB009C64AD /* OZZipWriteStream+Internals.h */ = {isa = PBXFileReference; fileEncoding = 4; lastKnownFileType = sourcecode.c.h; path = "OZZipWriteStream+Internals.h"; sourceTree = "<group>"; };
		8DBB348223F722EB009C64AD /* OZFileInZipInfo.h */ = {isa = PBXFileReference; fileEncoding = 4; lastKnownFileType = sourcecode.c.h; path = OZFileInZipInfo.h; sourceTree = "<group>"; };
		8DBB348323F722EB009C64AD /* LICENSE.md */ = {isa = PBXFileReference; fileEncoding = 4; lastKnownFileType = net.daringfireball.markdown; path = LICENSE.md; sourceTree = "<group>"; };
		8DBB348423F722EB009C64AD /* README.md */ = {isa = PBXFileReference; fileEncoding = 4; lastKnownFileType = net.daringfireball.markdown; path = README.md; sourceTree = "<group>"; };
		8DC0111E226AC22200A31E33 /* Template */ = {isa = PBXFileReference; lastKnownFileType = folder; path = Template; sourceTree = "<group>"; };
		8DC82B28226CD8CA00D21893 /* compile */ = {isa = PBXFileReference; lastKnownFileType = text.script.sh; path = compile; sourceTree = "<group>"; };
		8DC82B2C226CDC3400D21893 /* compile32.xcconfig */ = {isa = PBXFileReference; lastKnownFileType = text.xcconfig; path = compile32.xcconfig; sourceTree = "<group>"; };
		8DCED5FA234134F800B8DD4F /* binaryinfo.txt */ = {isa = PBXFileReference; lastKnownFileType = text; path = binaryinfo.txt; sourceTree = "<group>"; };
		8DE5B2A622611C0F00502C8F /* SettingsTableViewController.h */ = {isa = PBXFileReference; lastKnownFileType = sourcecode.c.h; path = SettingsTableViewController.h; sourceTree = "<group>"; };
		8DE5B2A722611C0F00502C8F /* SettingsTableViewController.m */ = {isa = PBXFileReference; lastKnownFileType = sourcecode.c.objc; path = SettingsTableViewController.m; sourceTree = "<group>"; };
		8DF38BF323904B9300C65695 /* RestoreViewController.h */ = {isa = PBXFileReference; lastKnownFileType = sourcecode.c.h; path = RestoreViewController.h; sourceTree = "<group>"; };
		8DF38BF423904B9300C65695 /* RestoreViewController.m */ = {isa = PBXFileReference; lastKnownFileType = sourcecode.c.objc; path = RestoreViewController.m; sourceTree = "<group>"; };
		8DF4B8C423AF1AE3009EAB13 /* attach */ = {isa = PBXFileReference; lastKnownFileType = "compiled.mach-o.executable"; path = attach; sourceTree = "<group>"; };
		8DFA1566227FCC320072BB17 /* README.md */ = {isa = PBXFileReference; lastKnownFileType = net.daringfireball.markdown; path = README.md; sourceTree = "<group>"; };
		8DFBE80022442FEB00A96C2C /* SpringBoardServices.framework */ = {isa = PBXFileReference; lastKnownFileType = wrapper.framework; path = SpringBoardServices.framework; sourceTree = "<group>"; };
/* End PBXFileReference section */

/* Begin PBXFrameworksBuildPhase section */
		8D5BA2721F7C792E00A169BF /* Frameworks */ = {
			isa = PBXFrameworksBuildPhase;
			buildActionMask = 2147483647;
			files = (
				8DFBE80122442FEB00A96C2C /* SpringBoardServices.framework in Frameworks */,
			);
			runOnlyForDeploymentPostprocessing = 0;
		};
/* End PBXFrameworksBuildPhase section */

/* Begin PBXGroup section */
		8D1327F620F26D0500C72D10 /* Frameworks */ = {
			isa = PBXGroup;
			children = (
				8D13280620F2F3A800C72D10 /* IOKit.framework */,
				8D13280020F2CFB800C72D10 /* IOKit.framework */,
			);
			name = Frameworks;
			sourceTree = "<group>";
		};
		8D5BA26C1F7C792E00A169BF = {
			isa = PBXGroup;
			children = (
				8DAC229E2277B9B000EA2A59 /* beta.plist */,
				8DC82B2C226CDC3400D21893 /* compile32.xcconfig */,
				8D73E98A232636B70016335E /* compile64.xcconfig */,
				8DC82B28226CD8CA00D21893 /* compile */,
				8DFA1566227FCC320072BB17 /* README.md */,
				8DC0111E226AC22200A31E33 /* Template */,
				8D5BA2771F7C792E00A169BF /* SuccessionRestore */,
				8D5BA2761F7C792E00A169BF /* Products */,
				8DBB344123F722EB009C64AD /* Objective-Zip */,
				8D1327F620F26D0500C72D10 /* Frameworks */,
			);
			sourceTree = "<group>";
		};
		8D5BA2761F7C792E00A169BF /* Products */ = {
			isa = PBXGroup;
			children = (
				8D5BA2751F7C792E00A169BF /* SuccessionRestore.app */,
			);
			name = Products;
			sourceTree = "<group>";
		};
		8D5BA2771F7C792E00A169BF /* SuccessionRestore */ = {
			isa = PBXGroup;
			children = (
				8D5BA2781F7C792E00A169BF /* AppDelegate.h */,
				8D5BA2791F7C792E00A169BF /* AppDelegate.m */,
				8D5BA2811F7C792E00A169BF /* Assets.xcassets */,
				8D876120202679E2004A6F27 /* DownloadViewController.h */,
				8D876121202679E2004A6F27 /* DownloadViewController.m */,
				8D7ABB0D2319DDCD0098C52B /* DecryptViewController.h */,
				8D7ABB0E2319DDCD0098C52B /* DecryptViewController.m */,
				8DF4B8C423AF1AE3009EAB13 /* attach */,
				8D980C982303D26C009717B4 /* hdik-arm64 */,
				8D40BF0E231261F300240454 /* hdik-arm64e */,
				8D980C962303D125009717B4 /* hdik-armv7 */,
				8D5BA27B1F7C792E00A169BF /* HomePageViewController.h */,
				8D5BA27C1F7C792E00A169BF /* HomePageViewController.m */,
				8D5BA2861F7C792E00A169BF /* Info.plist */,
				8D5BA2831F7C792E00A169BF /* LaunchScreen.storyboard */,
				8D5BA2871F7C792E00A169BF /* main.m */,
				8D5BA27E1F7C792E00A169BF /* Main.storyboard */,
				8D4C260B21BF57C700BBA404 /* NSTask.h */,
				8DF38BF323904B9300C65695 /* RestoreViewController.h */,
				8DF38BF423904B9300C65695 /* RestoreViewController.m */,
				8DE5B2A622611C0F00502C8F /* SettingsTableViewController.h */,
				8DE5B2A722611C0F00502C8F /* SettingsTableViewController.m */,
				8D8F2FA82264095D0044CF00 /* SpecialThanksTableViewController.h */,
				8D8F2FA92264095D0044CF00 /* SpecialThanksTableViewController.m */,
				8DFBE80022442FEB00A96C2C /* SpringBoardServices.framework */,
				8DCED5FA234134F800B8DD4F /* binaryinfo.txt */,
				8D28F62D23F7F49E00D9CFD0 /* Zebra.md */,
			);
			path = SuccessionRestore;
			sourceTree = "<group>";
		};
		8DBB344123F722EB009C64AD /* Objective-Zip */ = {
			isa = PBXGroup;
			children = (
				8DBB344223F722EB009C64AD /* ZLib */,
				8DBB345D23F722EB009C64AD /* MiniZip */,
				8DBB346623F722EB009C64AD /* Objective-Zip */,
				8DBB348323F722EB009C64AD /* LICENSE.md */,
				8DBB348423F722EB009C64AD /* README.md */,
			);
			name = "Objective-Zip";
			path = "SuccessionRestore/Objective-Zip";
			sourceTree = "<group>";
		};
		8DBB344223F722EB009C64AD /* ZLib */ = {
			isa = PBXGroup;
			children = (
				8DBB344323F722EB009C64AD /* zutil.h */,
				8DBB344423F722EB009C64AD /* inftrees.h */,
				8DBB344523F722EB009C64AD /* inflate.c */,
				8DBB344623F722EB009C64AD /* compress.c */,
				8DBB344723F722EB009C64AD /* deflate.c */,
				8DBB344823F722EB009C64AD /* inffixed.h */,
				8DBB344923F722EB009C64AD /* gzread.c */,
				8DBB344A23F722EB009C64AD /* trees.h */,
				8DBB344B23F722EB009C64AD /* inffast.h */,
				8DBB344C23F722EB009C64AD /* crc32.c */,
				8DBB344D23F722EB009C64AD /* infback.c */,
				8DBB344E23F722EB009C64AD /* zutil.c */,
				8DBB344F23F722EB009C64AD /* deflate.h */,
				8DBB345023F722EB009C64AD /* gzguts.h */,
				8DBB345123F722EB009C64AD /* zlib.h */,
				8DBB345223F722EB009C64AD /* gzlib.c */,
				8DBB345323F722EB009C64AD /* inflate.h */,
				8DBB345423F722EB009C64AD /* inftrees.c */,
				8DBB345523F722EB009C64AD /* uncompr.c */,
				8DBB345623F722EB009C64AD /* gzwrite.c */,
				8DBB345723F722EB009C64AD /* trees.c */,
				8DBB345823F722EB009C64AD /* gzclose.c */,
				8DBB345923F722EB009C64AD /* crc32.h */,
				8DBB345A23F722EB009C64AD /* inffast.c */,
				8DBB345B23F722EB009C64AD /* adler32.c */,
				8DBB345C23F722EB009C64AD /* zconf.h */,
			);
			path = ZLib;
			sourceTree = "<group>";
		};
		8DBB345D23F722EB009C64AD /* MiniZip */ = {
			isa = PBXGroup;
			children = (
				8DBB345E23F722EB009C64AD /* crypt.c */,
				8DBB345F23F722EB009C64AD /* unzip.c */,
				8DBB346023F722EB009C64AD /* zip.c */,
				8DBB346123F722EB009C64AD /* ioapi.c */,
				8DBB346223F722EB009C64AD /* crypt.h */,
				8DBB346323F722EB009C64AD /* zip.h */,
				8DBB346423F722EB009C64AD /* unzip.h */,
				8DBB346523F722EB009C64AD /* ioapi.h */,
			);
			path = MiniZip;
			sourceTree = "<group>";
		};
		8DBB346623F722EB009C64AD /* Objective-Zip */ = {
			isa = PBXGroup;
			children = (
				8DBB346723F722EB009C64AD /* NSData+CRC32.m */,
				8DBB346823F722EB009C64AD /* OZZipException.m */,
				8DBB346923F722EB009C64AD /* OZZipReadStream.h */,
				8DBB346A23F722EB009C64AD /* Objective-Zip+NSError.h */,
				8DBB346B23F722EB009C64AD /* OZZipFile.h */,
				8DBB346C23F722EB009C64AD /* OZZipReadStream+Standard.h */,
				8DBB346D23F722EB009C64AD /* NSDate+DOSDate.m */,
				8DBB346E23F722EB009C64AD /* OZFileInZipInfo.m */,
				8DBB346F23F722EB009C64AD /* OZZipCompressionLevel.h */,
				8DBB347023F722EB009C64AD /* OZZipWriteStream.h */,
				8DBB347123F722EB009C64AD /* OZZipFile+Standard.h */,
				8DBB347223F722EB009C64AD /* Objective-Zip.h */,
				8DBB347323F722EB009C64AD /* NSData+CRC32.h */,
				8DBB347423F722EB009C64AD /* OZZipFile.m */,
				8DBB347523F722EB009C64AD /* OZZipReadStream+Internals.h */,
				8DBB347623F722EB009C64AD /* OZZipFile+NSError.h */,
				8DBB347723F722EB009C64AD /* OZFileInZipInfo+Internals.h */,
				8DBB347823F722EB009C64AD /* OZZipReadStream.m */,
				8DBB347923F722EB009C64AD /* OZZipReadStream+NSError.h */,
				8DBB347A23F722EB009C64AD /* OZZipException.h */,
				8DBB347B23F722EB009C64AD /* OZZipException+Internals.h */,
				8DBB347C23F722EB009C64AD /* OZZipWriteStream+Standard.h */,
				8DBB347D23F722EB009C64AD /* NSDate+DOSDate.h */,
				8DBB347E23F722EB009C64AD /* OZZipFileMode.h */,
				8DBB347F23F722EB009C64AD /* OZZipWriteStream+NSError.h */,
				8DBB348023F722EB009C64AD /* OZZipWriteStream.m */,
				8DBB348123F722EB009C64AD /* OZZipWriteStream+Internals.h */,
				8DBB348223F722EB009C64AD /* OZFileInZipInfo.h */,
			);
			path = "Objective-Zip";
			sourceTree = "<group>";
		};
/* End PBXGroup section */

/* Begin PBXNativeTarget section */
		8D5BA2741F7C792E00A169BF /* SuccessionRestore */ = {
			isa = PBXNativeTarget;
			buildConfigurationList = 8D5BA2A11F7C792F00A169BF /* Build configuration list for PBXNativeTarget "SuccessionRestore" */;
			buildPhases = (
				8D5BA2711F7C792E00A169BF /* Sources */,
				8D5BA2721F7C792E00A169BF /* Frameworks */,
				8D5BA2731F7C792E00A169BF /* Resources */,
				8D15CACB2320967400C118FD /* CopyFiles */,
			);
			buildRules = (
			);
			dependencies = (
			);
			name = SuccessionRestore;
			productName = SuccessionRestore;
			productReference = 8D5BA2751F7C792E00A169BF /* SuccessionRestore.app */;
			productType = "com.apple.product-type.application";
		};
/* End PBXNativeTarget section */

/* Begin PBXProject section */
		8D5BA26D1F7C792E00A169BF /* Project object */ = {
			isa = PBXProject;
			attributes = {
				LastUpgradeCheck = 1130;
				ORGANIZATIONNAME = "Sam Gardner";
				TargetAttributes = {
					8D5BA2741F7C792E00A169BF = {
						CreatedOnToolsVersion = 9.0;
						ProvisioningStyle = Automatic;
						SystemCapabilities = {
							com.apple.ApplicationGroups.iOS = {
								enabled = 0;
							};
						};
					};
				};
			};
			buildConfigurationList = 8D5BA2701F7C792E00A169BF /* Build configuration list for PBXProject "SuccessionRestore" */;
			compatibilityVersion = "Xcode 8.0";
			developmentRegion = en;
			hasScannedForEncodings = 0;
			knownRegions = (
				en,
				Base,
			);
			mainGroup = 8D5BA26C1F7C792E00A169BF;
			productRefGroup = 8D5BA2761F7C792E00A169BF /* Products */;
			projectDirPath = "";
			projectRoot = "";
			targets = (
				8D5BA2741F7C792E00A169BF /* SuccessionRestore */,
			);
		};
/* End PBXProject section */

/* Begin PBXResourcesBuildPhase section */
		8D5BA2731F7C792E00A169BF /* Resources */ = {
			isa = PBXResourcesBuildPhase;
			buildActionMask = 2147483647;
			files = (
				8DBB349F23F722EC009C64AD /* LICENSE.md in Resources */,
				8D980C972303D125009717B4 /* hdik-armv7 in Resources */,
				8D5BA2851F7C792E00A169BF /* LaunchScreen.storyboard in Resources */,
				8DCED5FB234134F800B8DD4F /* binaryinfo.txt in Resources */,
				8D5BA2821F7C792E00A169BF /* Assets.xcassets in Resources */,
				8D980C992303D26C009717B4 /* hdik-arm64 in Resources */,
				8D5BA2801F7C792E00A169BF /* Main.storyboard in Resources */,
				8D40BF0F231261F300240454 /* hdik-arm64e in Resources */,
				8DF4B8C523AF1AE3009EAB13 /* attach in Resources */,
				8DBB34A023F722EC009C64AD /* README.md in Resources */,
				8D24F5062325C67D00215579 /* (null) in Resources */,
				8D28F62E23F7F4B800D9CFD0 /* Zebra.md in Resources */,
			);
			runOnlyForDeploymentPostprocessing = 0;
		};
/* End PBXResourcesBuildPhase section */

/* Begin PBXSourcesBuildPhase section */
		8D5BA2711F7C792E00A169BF /* Sources */ = {
			isa = PBXSourcesBuildPhase;
			buildActionMask = 2147483647;
			files = (
				8DBB348E23F722EC009C64AD /* uncompr.c in Sources */,
				8DBB348B23F722EC009C64AD /* zutil.c in Sources */,
				8DE5B2A822611C0F00502C8F /* SettingsTableViewController.m in Sources */,
				8D8F2FAA2264095D0044CF00 /* SpecialThanksTableViewController.m in Sources */,
				8DBB349523F722EC009C64AD /* unzip.c in Sources */,
				8D175B5B224429CB00FF7DFD /* NSTask.h in Sources */,
				8DBB349723F722EC009C64AD /* ioapi.c in Sources */,
				8DBB349123F722EC009C64AD /* gzclose.c in Sources */,
				8DBB349E23F722EC009C64AD /* OZZipWriteStream.m in Sources */,
				8DF38BF523904B9300C65695 /* RestoreViewController.m in Sources */,
				8DBB348623F722EC009C64AD /* compress.c in Sources */,
				8DBB349223F722EC009C64AD /* inffast.c in Sources */,
				8DBB349B23F722EC009C64AD /* OZFileInZipInfo.m in Sources */,
				8DBB349423F722EC009C64AD /* crypt.c in Sources */,
				8DBB348923F722EC009C64AD /* crc32.c in Sources */,
				8DBB349623F722EC009C64AD /* zip.c in Sources */,
				8D5BA27D1F7C792E00A169BF /* HomePageViewController.m in Sources */,
				8D7ABB0F2319DDCD0098C52B /* DecryptViewController.m in Sources */,
				8DBB348A23F722EC009C64AD /* infback.c in Sources */,
				8DBB348723F722EC009C64AD /* deflate.c in Sources */,
				8DBB349023F722EC009C64AD /* trees.c in Sources */,
				8D5BA2881F7C792E00A169BF /* main.m in Sources */,
				8D876122202679E2004A6F27 /* DownloadViewController.m in Sources */,
				8DBB349C23F722EC009C64AD /* OZZipFile.m in Sources */,
				8DBB348F23F722EC009C64AD /* gzwrite.c in Sources */,
				8DBB348C23F722EC009C64AD /* gzlib.c in Sources */,
				8DBB348823F722EC009C64AD /* gzread.c in Sources */,
				8DBB349923F722EC009C64AD /* OZZipException.m in Sources */,
				8DBB348D23F722EC009C64AD /* inftrees.c in Sources */,
				8DBB349D23F722EC009C64AD /* OZZipReadStream.m in Sources */,
				8D5BA27A1F7C792E00A169BF /* AppDelegate.m in Sources */,
				8DBB349A23F722EC009C64AD /* NSDate+DOSDate.m in Sources */,
				8DBB348523F722EC009C64AD /* inflate.c in Sources */,
				8DBB349823F722EC009C64AD /* NSData+CRC32.m in Sources */,
				8DBB349323F722EC009C64AD /* adler32.c in Sources */,
			);
			runOnlyForDeploymentPostprocessing = 0;
		};
/* End PBXSourcesBuildPhase section */

/* Begin PBXVariantGroup section */
		8D5BA27E1F7C792E00A169BF /* Main.storyboard */ = {
			isa = PBXVariantGroup;
			children = (
				8D5BA27F1F7C792E00A169BF /* Base */,
			);
			name = Main.storyboard;
			sourceTree = "<group>";
		};
		8D5BA2831F7C792E00A169BF /* LaunchScreen.storyboard */ = {
			isa = PBXVariantGroup;
			children = (
				8D5BA2841F7C792E00A169BF /* Base */,
			);
			name = LaunchScreen.storyboard;
			sourceTree = "<group>";
		};
/* End PBXVariantGroup section */

/* Begin XCBuildConfiguration section */
		8D5BA29F1F7C792F00A169BF /* Debug */ = {
			isa = XCBuildConfiguration;
			buildSettings = {
				ALWAYS_SEARCH_USER_PATHS = NO;
				CLANG_ANALYZER_NONNULL = YES;
				CLANG_ANALYZER_NUMBER_OBJECT_CONVERSION = YES_AGGRESSIVE;
				CLANG_CXX_LANGUAGE_STANDARD = "gnu++14";
				CLANG_CXX_LIBRARY = "libc++";
				CLANG_ENABLE_MODULES = YES;
				CLANG_ENABLE_OBJC_ARC = YES;
				CLANG_WARN_BLOCK_CAPTURE_AUTORELEASING = YES;
				CLANG_WARN_BOOL_CONVERSION = YES;
				CLANG_WARN_COMMA = YES;
				CLANG_WARN_CONSTANT_CONVERSION = YES;
				CLANG_WARN_DEPRECATED_OBJC_IMPLEMENTATIONS = YES;
				CLANG_WARN_DIRECT_OBJC_ISA_USAGE = YES_ERROR;
				CLANG_WARN_DOCUMENTATION_COMMENTS = YES;
				CLANG_WARN_EMPTY_BODY = YES;
				CLANG_WARN_ENUM_CONVERSION = YES;
				CLANG_WARN_INFINITE_RECURSION = YES;
				CLANG_WARN_INT_CONVERSION = YES;
				CLANG_WARN_NON_LITERAL_NULL_CONVERSION = YES;
				CLANG_WARN_OBJC_IMPLICIT_RETAIN_SELF = YES;
				CLANG_WARN_OBJC_LITERAL_CONVERSION = YES;
				CLANG_WARN_OBJC_ROOT_CLASS = YES_ERROR;
				CLANG_WARN_RANGE_LOOP_ANALYSIS = YES;
				CLANG_WARN_STRICT_PROTOTYPES = YES;
				CLANG_WARN_SUSPICIOUS_MOVE = YES;
				CLANG_WARN_UNGUARDED_AVAILABILITY = YES_AGGRESSIVE;
				CLANG_WARN_UNREACHABLE_CODE = YES;
				CLANG_WARN__DUPLICATE_METHOD_MATCH = YES;
				CODE_SIGN_IDENTITY = "iPhone Developer";
				COPY_PHASE_STRIP = NO;
				DEBUG_INFORMATION_FORMAT = dwarf;
				ENABLE_STRICT_OBJC_MSGSEND = YES;
				ENABLE_TESTABILITY = YES;
				GCC_C_LANGUAGE_STANDARD = gnu11;
				GCC_DYNAMIC_NO_PIC = NO;
				GCC_NO_COMMON_BLOCKS = YES;
				GCC_OPTIMIZATION_LEVEL = 0;
				GCC_PREPROCESSOR_DEFINITIONS = (
					"DEBUG=1",
					"$(inherited)",
				);
				GCC_WARN_64_TO_32_BIT_CONVERSION = YES;
				GCC_WARN_ABOUT_RETURN_TYPE = YES_ERROR;
				GCC_WARN_UNDECLARED_SELECTOR = YES;
				GCC_WARN_UNINITIALIZED_AUTOS = YES_AGGRESSIVE;
				GCC_WARN_UNUSED_FUNCTION = YES;
				GCC_WARN_UNUSED_VARIABLE = YES;
				IPHONEOS_DEPLOYMENT_TARGET = 11.0;
				MTL_ENABLE_DEBUG_INFO = YES;
				ONLY_ACTIVE_ARCH = NO;
				SDKROOT = iphoneos;
				VALID_ARCHS = "arm64 arm64e armv7s armv7";
			};
			name = Debug;
		};
		8D5BA2A01F7C792F00A169BF /* Release */ = {
			isa = XCBuildConfiguration;
			buildSettings = {
				ALWAYS_SEARCH_USER_PATHS = NO;
				CLANG_ANALYZER_NONNULL = YES;
				CLANG_ANALYZER_NUMBER_OBJECT_CONVERSION = YES_AGGRESSIVE;
				CLANG_CXX_LANGUAGE_STANDARD = "gnu++14";
				CLANG_CXX_LIBRARY = "libc++";
				CLANG_ENABLE_MODULES = YES;
				CLANG_ENABLE_OBJC_ARC = YES;
				CLANG_WARN_BLOCK_CAPTURE_AUTORELEASING = YES;
				CLANG_WARN_BOOL_CONVERSION = YES;
				CLANG_WARN_COMMA = YES;
				CLANG_WARN_CONSTANT_CONVERSION = YES;
				CLANG_WARN_DEPRECATED_OBJC_IMPLEMENTATIONS = YES;
				CLANG_WARN_DIRECT_OBJC_ISA_USAGE = YES_ERROR;
				CLANG_WARN_DOCUMENTATION_COMMENTS = YES;
				CLANG_WARN_EMPTY_BODY = YES;
				CLANG_WARN_ENUM_CONVERSION = YES;
				CLANG_WARN_INFINITE_RECURSION = YES;
				CLANG_WARN_INT_CONVERSION = YES;
				CLANG_WARN_NON_LITERAL_NULL_CONVERSION = YES;
				CLANG_WARN_OBJC_IMPLICIT_RETAIN_SELF = YES;
				CLANG_WARN_OBJC_LITERAL_CONVERSION = YES;
				CLANG_WARN_OBJC_ROOT_CLASS = YES_ERROR;
				CLANG_WARN_RANGE_LOOP_ANALYSIS = YES;
				CLANG_WARN_STRICT_PROTOTYPES = YES;
				CLANG_WARN_SUSPICIOUS_MOVE = YES;
				CLANG_WARN_UNGUARDED_AVAILABILITY = YES_AGGRESSIVE;
				CLANG_WARN_UNREACHABLE_CODE = YES;
				CLANG_WARN__DUPLICATE_METHOD_MATCH = YES;
				CODE_SIGN_IDENTITY = "iPhone Developer";
				COPY_PHASE_STRIP = NO;
				DEBUG_INFORMATION_FORMAT = "dwarf-with-dsym";
				ENABLE_NS_ASSERTIONS = NO;
				ENABLE_STRICT_OBJC_MSGSEND = YES;
				GCC_C_LANGUAGE_STANDARD = gnu11;
				GCC_NO_COMMON_BLOCKS = YES;
				GCC_WARN_64_TO_32_BIT_CONVERSION = YES;
				GCC_WARN_ABOUT_RETURN_TYPE = YES_ERROR;
				GCC_WARN_UNDECLARED_SELECTOR = YES;
				GCC_WARN_UNINITIALIZED_AUTOS = YES_AGGRESSIVE;
				GCC_WARN_UNUSED_FUNCTION = YES;
				GCC_WARN_UNUSED_VARIABLE = YES;
				IPHONEOS_DEPLOYMENT_TARGET = 11.0;
				MTL_ENABLE_DEBUG_INFO = NO;
				ONLY_ACTIVE_ARCH = NO;
				SDKROOT = iphoneos;
				VALIDATE_PRODUCT = YES;
				VALID_ARCHS = "arm64 arm64e armv7s armv7";
			};
			name = Release;
		};
		8D5BA2A21F7C792F00A169BF /* Debug */ = {
			isa = XCBuildConfiguration;
			buildSettings = {
				ASSETCATALOG_COMPILER_APPICON_NAME = AppIcon;
				ASSETCATALOG_COMPILER_LAUNCHIMAGE_NAME = LaunchImage;
				CODE_SIGN_STYLE = Automatic;
				DEVELOPMENT_TEAM = 62PB6NV7YN;
				ENABLE_BITCODE = NO;
				FRAMEWORK_SEARCH_PATHS = (
					"$(inherited)",
					"$(PROJECT_DIR)/SuccessionRestore",
				);
				INFOPLIST_FILE = SuccessionRestore/Info.plist;
				IPHONEOS_DEPLOYMENT_TARGET = 8.0;
				LD_RUNPATH_SEARCH_PATHS = "$(inherited) @executable_path/Frameworks";
				LIBRARY_SEARCH_PATHS = (
					"$(inherited)",
					"$(PROJECT_DIR)/SuccessionRestore",
				);
				MARKETING_VERSION = "1.4.12~b5";
				PRODUCT_BUNDLE_IDENTIFIER = com.samgisaninja.SuccessionRestore;
				PRODUCT_NAME = "$(TARGET_NAME)";
				TARGETED_DEVICE_FAMILY = "1,2";
			};
			name = Debug;
		};
		8D5BA2A31F7C792F00A169BF /* Release */ = {
			isa = XCBuildConfiguration;
			buildSettings = {
				ASSETCATALOG_COMPILER_APPICON_NAME = AppIcon;
				ASSETCATALOG_COMPILER_LAUNCHIMAGE_NAME = LaunchImage;
				CODE_SIGN_STYLE = Automatic;
				DEVELOPMENT_TEAM = 62PB6NV7YN;
				ENABLE_BITCODE = NO;
				FRAMEWORK_SEARCH_PATHS = (
					"$(inherited)",
					"$(PROJECT_DIR)/SuccessionRestore",
				);
				INFOPLIST_FILE = SuccessionRestore/Info.plist;
				IPHONEOS_DEPLOYMENT_TARGET = 8.0;
				LD_RUNPATH_SEARCH_PATHS = "$(inherited) @executable_path/Frameworks";
				LIBRARY_SEARCH_PATHS = (
					"$(inherited)",
					"$(PROJECT_DIR)/SuccessionRestore",
				);
				MARKETING_VERSION = "1.4.12~b5";
				PRODUCT_BUNDLE_IDENTIFIER = com.samgisaninja.SuccessionRestore;
				PRODUCT_NAME = "$(TARGET_NAME)";
				TARGETED_DEVICE_FAMILY = "1,2";
			};
			name = Release;
		};
/* End XCBuildConfiguration section */

/* Begin XCConfigurationList section */
		8D5BA2701F7C792E00A169BF /* Build configuration list for PBXProject "SuccessionRestore" */ = {
			isa = XCConfigurationList;
			buildConfigurations = (
				8D5BA29F1F7C792F00A169BF /* Debug */,
				8D5BA2A01F7C792F00A169BF /* Release */,
			);
			defaultConfigurationIsVisible = 0;
			defaultConfigurationName = Release;
		};
		8D5BA2A11F7C792F00A169BF /* Build configuration list for PBXNativeTarget "SuccessionRestore" */ = {
			isa = XCConfigurationList;
			buildConfigurations = (
				8D5BA2A21F7C792F00A169BF /* Debug */,
				8D5BA2A31F7C792F00A169BF /* Release */,
			);
			defaultConfigurationIsVisible = 0;
			defaultConfigurationName = Release;
		};
/* End XCConfigurationList section */
	};
	rootObject = 8D5BA26D1F7C792E00A169BF /* Project object */;
}
