// !$*UTF8*$!
{
	archiveVersion = 1;
	classes = {
	};
	objectVersion = 48;
	objects = {

/* Begin PBXBuildFile section */
		8D5BA27A1F7C792E00A169BF /* AppDelegate.m in Sources */ = {isa = PBXBuildFile; fileRef = 8D5BA2791F7C792E00A169BF /* AppDelegate.m */; };
		8D5BA27D1F7C792E00A169BF /* HomePageViewController.m in Sources */ = {isa = PBXBuildFile; fileRef = 8D5BA27C1F7C792E00A169BF /* HomePageViewController.m */; };
		8D5BA2801F7C792E00A169BF /* Main.storyboard in Resources */ = {isa = PBXBuildFile; fileRef = 8D5BA27E1F7C792E00A169BF /* Main.storyboard */; };
		8D5BA2821F7C792E00A169BF /* Assets.xcassets in Resources */ = {isa = PBXBuildFile; fileRef = 8D5BA2811F7C792E00A169BF /* Assets.xcassets */; };
		8D5BA2851F7C792E00A169BF /* LaunchScreen.storyboard in Resources */ = {isa = PBXBuildFile; fileRef = 8D5BA2831F7C792E00A169BF /* LaunchScreen.storyboard */; };
		8D5BA2881F7C792E00A169BF /* main.m in Sources */ = {isa = PBXBuildFile; fileRef = 8D5BA2871F7C792E00A169BF /* main.m */; };
		8D876122202679E2004A6F27 /* DownloadViewController.m in Sources */ = {isa = PBXBuildFile; fileRef = 8D876121202679E2004A6F27 /* DownloadViewController.m */; };
		8DA9CA85206097B900A12FA4 /* unzip.c in Sources */ = {isa = PBXBuildFile; fileRef = 8DA9CA7B206097B900A12FA4 /* unzip.c */; settings = {COMPILER_FLAGS = "-w"; }; };
		8DA9CA86206097B900A12FA4 /* zip.c in Sources */ = {isa = PBXBuildFile; fileRef = 8DA9CA7C206097B900A12FA4 /* zip.c */; settings = {COMPILER_FLAGS = "-w"; }; };
		8DA9CA87206097B900A12FA4 /* ioapi.c in Sources */ = {isa = PBXBuildFile; fileRef = 8DA9CA7D206097B900A12FA4 /* ioapi.c */; };
		8DA9CA88206097B900A12FA4 /* mztools.c in Sources */ = {isa = PBXBuildFile; fileRef = 8DA9CA7E206097B900A12FA4 /* mztools.c */; settings = {COMPILER_FLAGS = "-w"; }; };
		8DA9CA89206097B900A12FA4 /* ZipArchive.mm in Sources */ = {isa = PBXBuildFile; fileRef = 8DA9CA84206097B900A12FA4 /* ZipArchive.mm */; settings = {COMPILER_FLAGS = "-w"; }; };
		8DE34FBB20E9353B00A37037 /* RestoreViewController.m in Sources */ = {isa = PBXBuildFile; fileRef = 8DE34FBA20E9353B00A37037 /* RestoreViewController.m */; };
/* End PBXBuildFile section */

/* Begin PBXContainerItemProxy section */
		8D5BA28E1F7C792F00A169BF /* PBXContainerItemProxy */ = {
			isa = PBXContainerItemProxy;
			containerPortal = 8D5BA26D1F7C792E00A169BF /* Project object */;
			proxyType = 1;
			remoteGlobalIDString = 8D5BA2741F7C792E00A169BF;
			remoteInfo = SuccessionRestore;
		};
		8D5BA2991F7C792F00A169BF /* PBXContainerItemProxy */ = {
			isa = PBXContainerItemProxy;
			containerPortal = 8D5BA26D1F7C792E00A169BF /* Project object */;
			proxyType = 1;
			remoteGlobalIDString = 8D5BA2741F7C792E00A169BF;
			remoteInfo = SuccessionRestore;
		};
/* End PBXContainerItemProxy section */

/* Begin PBXFileReference section */
		8D5BA2751F7C792E00A169BF /* SuccessionRestore.app */ = {isa = PBXFileReference; explicitFileType = wrapper.application; includeInIndex = 0; path = SuccessionRestore.app; sourceTree = BUILT_PRODUCTS_DIR; };
		8D5BA2781F7C792E00A169BF /* AppDelegate.h */ = {isa = PBXFileReference; lastKnownFileType = sourcecode.c.h; path = AppDelegate.h; sourceTree = "<group>"; };
		8D5BA2791F7C792E00A169BF /* AppDelegate.m */ = {isa = PBXFileReference; lastKnownFileType = sourcecode.c.objc; path = AppDelegate.m; sourceTree = "<group>"; };
		8D5BA27B1F7C792E00A169BF /* HomePageViewController.h */ = {isa = PBXFileReference; lastKnownFileType = sourcecode.c.h; path = HomePageViewController.h; sourceTree = "<group>"; };
		8D5BA27C1F7C792E00A169BF /* HomePageViewController.m */ = {isa = PBXFileReference; lastKnownFileType = sourcecode.c.objc; path = HomePageViewController.m; sourceTree = "<group>"; };
		8D5BA27F1F7C792E00A169BF /* Base */ = {isa = PBXFileReference; lastKnownFileType = file.storyboard; name = Base; path = Base.lproj/Main.storyboard; sourceTree = "<group>"; };
		8D5BA2811F7C792E00A169BF /* Assets.xcassets */ = {isa = PBXFileReference; lastKnownFileType = folder.assetcatalog; path = Assets.xcassets; sourceTree = "<group>"; };
		8D5BA2841F7C792E00A169BF /* Base */ = {isa = PBXFileReference; lastKnownFileType = file.storyboard; name = Base; path = Base.lproj/LaunchScreen.storyboard; sourceTree = "<group>"; };
		8D5BA2861F7C792E00A169BF /* Info.plist */ = {isa = PBXFileReference; lastKnownFileType = text.plist.xml; path = Info.plist; sourceTree = "<group>"; };
		8D5BA2871F7C792E00A169BF /* main.m */ = {isa = PBXFileReference; lastKnownFileType = sourcecode.c.objc; path = main.m; sourceTree = "<group>"; };
		8D5BA28D1F7C792F00A169BF /* SuccessionRestoreTests.xctest */ = {isa = PBXFileReference; explicitFileType = wrapper.cfbundle; includeInIndex = 0; path = SuccessionRestoreTests.xctest; sourceTree = BUILT_PRODUCTS_DIR; };
		8D5BA2981F7C792F00A169BF /* SuccessionRestoreUITests.xctest */ = {isa = PBXFileReference; explicitFileType = wrapper.cfbundle; includeInIndex = 0; path = SuccessionRestoreUITests.xctest; sourceTree = BUILT_PRODUCTS_DIR; };
		8D876120202679E2004A6F27 /* DownloadViewController.h */ = {isa = PBXFileReference; lastKnownFileType = sourcecode.c.h; path = DownloadViewController.h; sourceTree = "<group>"; };
		8D876121202679E2004A6F27 /* DownloadViewController.m */ = {isa = PBXFileReference; lastKnownFileType = sourcecode.c.objc; path = DownloadViewController.m; sourceTree = "<group>"; };
		8DA9CA79206097B900A12FA4 /* ZipArchive.h */ = {isa = PBXFileReference; fileEncoding = 4; lastKnownFileType = sourcecode.c.h; path = ZipArchive.h; sourceTree = "<group>"; };
		8DA9CA7B206097B900A12FA4 /* unzip.c */ = {isa = PBXFileReference; fileEncoding = 4; lastKnownFileType = sourcecode.c.c; path = unzip.c; sourceTree = "<group>"; };
		8DA9CA7C206097B900A12FA4 /* zip.c */ = {isa = PBXFileReference; fileEncoding = 4; lastKnownFileType = sourcecode.c.c; path = zip.c; sourceTree = "<group>"; };
		8DA9CA7D206097B900A12FA4 /* ioapi.c */ = {isa = PBXFileReference; fileEncoding = 4; lastKnownFileType = sourcecode.c.c; path = ioapi.c; sourceTree = "<group>"; };
		8DA9CA7E206097B900A12FA4 /* mztools.c */ = {isa = PBXFileReference; fileEncoding = 4; lastKnownFileType = sourcecode.c.c; path = mztools.c; sourceTree = "<group>"; };
		8DA9CA7F206097B900A12FA4 /* crypt.h */ = {isa = PBXFileReference; fileEncoding = 4; lastKnownFileType = sourcecode.c.h; path = crypt.h; sourceTree = "<group>"; };
		8DA9CA80206097B900A12FA4 /* zip.h */ = {isa = PBXFileReference; fileEncoding = 4; lastKnownFileType = sourcecode.c.h; path = zip.h; sourceTree = "<group>"; };
		8DA9CA81206097B900A12FA4 /* unzip.h */ = {isa = PBXFileReference; fileEncoding = 4; lastKnownFileType = sourcecode.c.h; path = unzip.h; sourceTree = "<group>"; };
		8DA9CA82206097B900A12FA4 /* mztools.h */ = {isa = PBXFileReference; fileEncoding = 4; lastKnownFileType = sourcecode.c.h; path = mztools.h; sourceTree = "<group>"; };
		8DA9CA83206097B900A12FA4 /* ioapi.h */ = {isa = PBXFileReference; fileEncoding = 4; lastKnownFileType = sourcecode.c.h; path = ioapi.h; sourceTree = "<group>"; };
		8DA9CA84206097B900A12FA4 /* ZipArchive.mm */ = {isa = PBXFileReference; fileEncoding = 4; lastKnownFileType = sourcecode.cpp.objcpp; path = ZipArchive.mm; sourceTree = "<group>"; };
		8DE34FB920E9353B00A37037 /* RestoreViewController.h */ = {isa = PBXFileReference; lastKnownFileType = sourcecode.c.h; name = RestoreViewController.h; path = /Users/samgardner/Documents/SuccessionRestore/SuccessionRestore/RestoreViewController.h; sourceTree = "<absolute>"; };
		8DE34FBA20E9353B00A37037 /* RestoreViewController.m */ = {isa = PBXFileReference; lastKnownFileType = sourcecode.c.objc; name = RestoreViewController.m; path = /Users/samgardner/Documents/SuccessionRestore/SuccessionRestore/RestoreViewController.m; sourceTree = "<absolute>"; };
/* End PBXFileReference section */

/* Begin PBXFrameworksBuildPhase section */
		8D5BA2721F7C792E00A169BF /* Frameworks */ = {
			isa = PBXFrameworksBuildPhase;
			buildActionMask = 2147483647;
			files = (
			);
			runOnlyForDeploymentPostprocessing = 0;
		};
		8D5BA28A1F7C792F00A169BF /* Frameworks */ = {
			isa = PBXFrameworksBuildPhase;
			buildActionMask = 2147483647;
			files = (
			);
			runOnlyForDeploymentPostprocessing = 0;
		};
		8D5BA2951F7C792F00A169BF /* Frameworks */ = {
			isa = PBXFrameworksBuildPhase;
			buildActionMask = 2147483647;
			files = (
			);
			runOnlyForDeploymentPostprocessing = 0;
		};
/* End PBXFrameworksBuildPhase section */

/* Begin PBXGroup section */
		8D5BA26C1F7C792E00A169BF = {
			isa = PBXGroup;
			children = (
				8D5BA2771F7C792E00A169BF /* SuccessionRestore */,
				8D5BA2761F7C792E00A169BF /* Products */,
			);
			sourceTree = "<group>";
		};
		8D5BA2761F7C792E00A169BF /* Products */ = {
			isa = PBXGroup;
			children = (
				8D5BA2751F7C792E00A169BF /* SuccessionRestore.app */,
				8D5BA28D1F7C792F00A169BF /* SuccessionRestoreTests.xctest */,
				8D5BA2981F7C792F00A169BF /* SuccessionRestoreUITests.xctest */,
			);
			name = Products;
			sourceTree = "<group>";
		};
		8D5BA2771F7C792E00A169BF /* SuccessionRestore */ = {
			isa = PBXGroup;
			children = (
				8DE34FB920E9353B00A37037 /* RestoreViewController.h */,
				8DE34FBA20E9353B00A37037 /* RestoreViewController.m */,
				8D5BA2781F7C792E00A169BF /* AppDelegate.h */,
				8D5BA2791F7C792E00A169BF /* AppDelegate.m */,
				8D5BA27B1F7C792E00A169BF /* HomePageViewController.h */,
				8D5BA27C1F7C792E00A169BF /* HomePageViewController.m */,
				8D5BA27E1F7C792E00A169BF /* Main.storyboard */,
				8D876120202679E2004A6F27 /* DownloadViewController.h */,
				8D876121202679E2004A6F27 /* DownloadViewController.m */,
				8D5BA2811F7C792E00A169BF /* Assets.xcassets */,
				8D5BA2831F7C792E00A169BF /* LaunchScreen.storyboard */,
				8D5BA2861F7C792E00A169BF /* Info.plist */,
				8D5BA2871F7C792E00A169BF /* main.m */,
				8DA9CA78206097B900A12FA4 /* ZipArchive */,
			);
			path = SuccessionRestore;
			sourceTree = "<group>";
		};
		8DA9CA78206097B900A12FA4 /* ZipArchive */ = {
			isa = PBXGroup;
			children = (
				8DA9CA79206097B900A12FA4 /* ZipArchive.h */,
				8DA9CA7A206097B900A12FA4 /* minizip */,
				8DA9CA84206097B900A12FA4 /* ZipArchive.mm */,
			);
			path = ZipArchive;
			sourceTree = "<group>";
		};
		8DA9CA7A206097B900A12FA4 /* minizip */ = {
			isa = PBXGroup;
			children = (
				8DA9CA7B206097B900A12FA4 /* unzip.c */,
				8DA9CA7C206097B900A12FA4 /* zip.c */,
				8DA9CA7D206097B900A12FA4 /* ioapi.c */,
				8DA9CA7E206097B900A12FA4 /* mztools.c */,
				8DA9CA7F206097B900A12FA4 /* crypt.h */,
				8DA9CA80206097B900A12FA4 /* zip.h */,
				8DA9CA81206097B900A12FA4 /* unzip.h */,
				8DA9CA82206097B900A12FA4 /* mztools.h */,
				8DA9CA83206097B900A12FA4 /* ioapi.h */,
			);
			path = minizip;
			sourceTree = "<group>";
		};
/* End PBXGroup section */

/* Begin PBXNativeTarget section */
		8D5BA2741F7C792E00A169BF /* SuccessionRestore */ = {
			isa = PBXNativeTarget;
			buildConfigurationList = 8D5BA2A11F7C792F00A169BF /* Build configuration list for PBXNativeTarget "SuccessionRestore" */;
			buildPhases = (
				8D5BA2711F7C792E00A169BF /* Sources */,
				8D5BA2721F7C792E00A169BF /* Frameworks */,
				8D5BA2731F7C792E00A169BF /* Resources */,
			);
			buildRules = (
			);
			dependencies = (
			);
			name = SuccessionRestore;
			productName = SuccessionRestore;
			productReference = 8D5BA2751F7C792E00A169BF /* SuccessionRestore.app */;
			productType = "com.apple.product-type.application";
		};
		8D5BA28C1F7C792F00A169BF /* SuccessionRestoreTests */ = {
			isa = PBXNativeTarget;
			buildConfigurationList = 8D5BA2A41F7C792F00A169BF /* Build configuration list for PBXNativeTarget "SuccessionRestoreTests" */;
			buildPhases = (
				8D5BA2891F7C792F00A169BF /* Sources */,
				8D5BA28A1F7C792F00A169BF /* Frameworks */,
				8D5BA28B1F7C792F00A169BF /* Resources */,
			);
			buildRules = (
			);
			dependencies = (
				8D5BA28F1F7C792F00A169BF /* PBXTargetDependency */,
			);
			name = SuccessionRestoreTests;
			productName = SuccessionRestoreTests;
			productReference = 8D5BA28D1F7C792F00A169BF /* SuccessionRestoreTests.xctest */;
			productType = "com.apple.product-type.bundle.unit-test";
		};
		8D5BA2971F7C792F00A169BF /* SuccessionRestoreUITests */ = {
			isa = PBXNativeTarget;
			buildConfigurationList = 8D5BA2A71F7C792F00A169BF /* Build configuration list for PBXNativeTarget "SuccessionRestoreUITests" */;
			buildPhases = (
				8D5BA2941F7C792F00A169BF /* Sources */,
				8D5BA2951F7C792F00A169BF /* Frameworks */,
				8D5BA2961F7C792F00A169BF /* Resources */,
			);
			buildRules = (
			);
			dependencies = (
				8D5BA29A1F7C792F00A169BF /* PBXTargetDependency */,
			);
			name = SuccessionRestoreUITests;
			productName = SuccessionRestoreUITests;
			productReference = 8D5BA2981F7C792F00A169BF /* SuccessionRestoreUITests.xctest */;
			productType = "com.apple.product-type.bundle.ui-testing";
		};
/* End PBXNativeTarget section */

/* Begin PBXProject section */
		8D5BA26D1F7C792E00A169BF /* Project object */ = {
			isa = PBXProject;
			attributes = {
				LastUpgradeCheck = 0900;
				ORGANIZATIONNAME = "Sam Gardner";
				TargetAttributes = {
					8D5BA2741F7C792E00A169BF = {
						CreatedOnToolsVersion = 9.0;
						ProvisioningStyle = Automatic;
						SystemCapabilities = {
							com.apple.ApplicationGroups.iOS = {
								enabled = 0;
							};
						};
					};
					8D5BA28C1F7C792F00A169BF = {
						CreatedOnToolsVersion = 9.0;
						ProvisioningStyle = Automatic;
						TestTargetID = 8D5BA2741F7C792E00A169BF;
					};
					8D5BA2971F7C792F00A169BF = {
						CreatedOnToolsVersion = 9.0;
						ProvisioningStyle = Automatic;
						TestTargetID = 8D5BA2741F7C792E00A169BF;
					};
				};
			};
			buildConfigurationList = 8D5BA2701F7C792E00A169BF /* Build configuration list for PBXProject "SuccessionRestore" */;
			compatibilityVersion = "Xcode 8.0";
			developmentRegion = en;
			hasScannedForEncodings = 0;
			knownRegions = (
				en,
				Base,
			);
			mainGroup = 8D5BA26C1F7C792E00A169BF;
			productRefGroup = 8D5BA2761F7C792E00A169BF /* Products */;
			projectDirPath = "";
			projectRoot = "";
			targets = (
				8D5BA2741F7C792E00A169BF /* SuccessionRestore */,
				8D5BA28C1F7C792F00A169BF /* SuccessionRestoreTests */,
				8D5BA2971F7C792F00A169BF /* SuccessionRestoreUITests */,
			);
		};
/* End PBXProject section */

/* Begin PBXResourcesBuildPhase section */
		8D5BA2731F7C792E00A169BF /* Resources */ = {
			isa = PBXResourcesBuildPhase;
			buildActionMask = 2147483647;
			files = (
				8D5BA2851F7C792E00A169BF /* LaunchScreen.storyboard in Resources */,
				8D5BA2821F7C792E00A169BF /* Assets.xcassets in Resources */,
				8D5BA2801F7C792E00A169BF /* Main.storyboard in Resources */,
			);
			runOnlyForDeploymentPostprocessing = 0;
		};
		8D5BA28B1F7C792F00A169BF /* Resources */ = {
			isa = PBXResourcesBuildPhase;
			buildActionMask = 2147483647;
			files = (
			);
			runOnlyForDeploymentPostprocessing = 0;
		};
		8D5BA2961F7C792F00A169BF /* Resources */ = {
			isa = PBXResourcesBuildPhase;
			buildActionMask = 2147483647;
			files = (
			);
			runOnlyForDeploymentPostprocessing = 0;
		};
/* End PBXResourcesBuildPhase section */

/* Begin PBXSourcesBuildPhase section */
		8D5BA2711F7C792E00A169BF /* Sources */ = {
			isa = PBXSourcesBuildPhase;
			buildActionMask = 2147483647;
			files = (
				8D5BA27D1F7C792E00A169BF /* HomePageViewController.m in Sources */,
				8DA9CA85206097B900A12FA4 /* unzip.c in Sources */,
				8DA9CA88206097B900A12FA4 /* mztools.c in Sources */,
				8DE34FBB20E9353B00A37037 /* RestoreViewController.m in Sources */,
				8D5BA2881F7C792E00A169BF /* main.m in Sources */,
				8DA9CA86206097B900A12FA4 /* zip.c in Sources */,
				8D876122202679E2004A6F27 /* DownloadViewController.m in Sources */,
				8D5BA27A1F7C792E00A169BF /* AppDelegate.m in Sources */,
				8DA9CA89206097B900A12FA4 /* ZipArchive.mm in Sources */,
				8DA9CA87206097B900A12FA4 /* ioapi.c in Sources */,
			);
			runOnlyForDeploymentPostprocessing = 0;
		};
		8D5BA2891F7C792F00A169BF /* Sources */ = {
			isa = PBXSourcesBuildPhase;
			buildActionMask = 2147483647;
			files = (
			);
			runOnlyForDeploymentPostprocessing = 0;
		};
		8D5BA2941F7C792F00A169BF /* Sources */ = {
			isa = PBXSourcesBuildPhase;
			buildActionMask = 2147483647;
			files = (
			);
			runOnlyForDeploymentPostprocessing = 0;
		};
/* End PBXSourcesBuildPhase section */

/* Begin PBXTargetDependency section */
		8D5BA28F1F7C792F00A169BF /* PBXTargetDependency */ = {
			isa = PBXTargetDependency;
			target = 8D5BA2741F7C792E00A169BF /* SuccessionRestore */;
			targetProxy = 8D5BA28E1F7C792F00A169BF /* PBXContainerItemProxy */;
		};
		8D5BA29A1F7C792F00A169BF /* PBXTargetDependency */ = {
			isa = PBXTargetDependency;
			target = 8D5BA2741F7C792E00A169BF /* SuccessionRestore */;
			targetProxy = 8D5BA2991F7C792F00A169BF /* PBXContainerItemProxy */;
		};
/* End PBXTargetDependency section */

/* Begin PBXVariantGroup section */
		8D5BA27E1F7C792E00A169BF /* Main.storyboard */ = {
			isa = PBXVariantGroup;
			children = (
				8D5BA27F1F7C792E00A169BF /* Base */,
			);
			name = Main.storyboard;
			sourceTree = "<group>";
		};
		8D5BA2831F7C792E00A169BF /* LaunchScreen.storyboard */ = {
			isa = PBXVariantGroup;
			children = (
				8D5BA2841F7C792E00A169BF /* Base */,
			);
			name = LaunchScreen.storyboard;
			sourceTree = "<group>";
		};
/* End PBXVariantGroup section */

/* Begin XCBuildConfiguration section */
		8D5BA29F1F7C792F00A169BF /* Debug */ = {
			isa = XCBuildConfiguration;
			buildSettings = {
				ALWAYS_SEARCH_USER_PATHS = NO;
				CLANG_ANALYZER_NONNULL = YES;
				CLANG_ANALYZER_NUMBER_OBJECT_CONVERSION = YES_AGGRESSIVE;
				CLANG_CXX_LANGUAGE_STANDARD = "gnu++14";
				CLANG_CXX_LIBRARY = "libc++";
				CLANG_ENABLE_MODULES = YES;
				CLANG_ENABLE_OBJC_ARC = YES;
				CLANG_WARN_BLOCK_CAPTURE_AUTORELEASING = YES;
				CLANG_WARN_BOOL_CONVERSION = YES;
				CLANG_WARN_COMMA = YES;
				CLANG_WARN_CONSTANT_CONVERSION = YES;
				CLANG_WARN_DIRECT_OBJC_ISA_USAGE = YES_ERROR;
				CLANG_WARN_DOCUMENTATION_COMMENTS = YES;
				CLANG_WARN_EMPTY_BODY = YES;
				CLANG_WARN_ENUM_CONVERSION = YES;
				CLANG_WARN_INFINITE_RECURSION = YES;
				CLANG_WARN_INT_CONVERSION = YES;
				CLANG_WARN_NON_LITERAL_NULL_CONVERSION = YES;
				CLANG_WARN_OBJC_LITERAL_CONVERSION = YES;
				CLANG_WARN_OBJC_ROOT_CLASS = YES_ERROR;
				CLANG_WARN_RANGE_LOOP_ANALYSIS = YES;
				CLANG_WARN_STRICT_PROTOTYPES = YES;
				CLANG_WARN_SUSPICIOUS_MOVE = YES;
				CLANG_WARN_UNGUARDED_AVAILABILITY = YES_AGGRESSIVE;
				CLANG_WARN_UNREACHABLE_CODE = YES;
				CLANG_WARN__DUPLICATE_METHOD_MATCH = YES;
				CODE_SIGN_IDENTITY = "iPhone Developer";
				COPY_PHASE_STRIP = NO;
				DEBUG_INFORMATION_FORMAT = dwarf;
				ENABLE_STRICT_OBJC_MSGSEND = YES;
				ENABLE_TESTABILITY = YES;
				GCC_C_LANGUAGE_STANDARD = gnu11;
				GCC_DYNAMIC_NO_PIC = NO;
				GCC_NO_COMMON_BLOCKS = YES;
				GCC_OPTIMIZATION_LEVEL = 0;
				GCC_PREPROCESSOR_DEFINITIONS = (
					"DEBUG=1",
					"$(inherited)",
				);
				GCC_WARN_64_TO_32_BIT_CONVERSION = YES;
				GCC_WARN_ABOUT_RETURN_TYPE = YES_ERROR;
				GCC_WARN_UNDECLARED_SELECTOR = YES;
				GCC_WARN_UNINITIALIZED_AUTOS = YES_AGGRESSIVE;
				GCC_WARN_UNUSED_FUNCTION = YES;
				GCC_WARN_UNUSED_VARIABLE = YES;
				IPHONEOS_DEPLOYMENT_TARGET = 11.0;
				MTL_ENABLE_DEBUG_INFO = YES;
				ONLY_ACTIVE_ARCH = NO;
				SDKROOT = iphoneos;
				VALID_ARCHS = arm64;
			};
			name = Debug;
		};
		8D5BA2A01F7C792F00A169BF /* Release */ = {
			isa = XCBuildConfiguration;
			buildSettings = {
				ALWAYS_SEARCH_USER_PATHS = NO;
				CLANG_ANALYZER_NONNULL = YES;
				CLANG_ANALYZER_NUMBER_OBJECT_CONVERSION = YES_AGGRESSIVE;
				CLANG_CXX_LANGUAGE_STANDARD = "gnu++14";
				CLANG_CXX_LIBRARY = "libc++";
				CLANG_ENABLE_MODULES = YES;
				CLANG_ENABLE_OBJC_ARC = YES;
				CLANG_WARN_BLOCK_CAPTURE_AUTORELEASING = YES;
				CLANG_WARN_BOOL_CONVERSION = YES;
				CLANG_WARN_COMMA = YES;
				CLANG_WARN_CONSTANT_CONVERSION = YES;
				CLANG_WARN_DIRECT_OBJC_ISA_USAGE = YES_ERROR;
				CLANG_WARN_DOCUMENTATION_COMMENTS = YES;
				CLANG_WARN_EMPTY_BODY = YES;
				CLANG_WARN_ENUM_CONVERSION = YES;
				CLANG_WARN_INFINITE_RECURSION = YES;
				CLANG_WARN_INT_CONVERSION = YES;
				CLANG_WARN_NON_LITERAL_NULL_CONVERSION = YES;
				CLANG_WARN_OBJC_LITERAL_CONVERSION = YES;
				CLANG_WARN_OBJC_ROOT_CLASS = YES_ERROR;
				CLANG_WARN_RANGE_LOOP_ANALYSIS = YES;
				CLANG_WARN_STRICT_PROTOTYPES = YES;
				CLANG_WARN_SUSPICIOUS_MOVE = YES;
				CLANG_WARN_UNGUARDED_AVAILABILITY = YES_AGGRESSIVE;
				CLANG_WARN_UNREACHABLE_CODE = YES;
				CLANG_WARN__DUPLICATE_METHOD_MATCH = YES;
				CODE_SIGN_IDENTITY = "iPhone Developer";
				COPY_PHASE_STRIP = NO;
				DEBUG_INFORMATION_FORMAT = "dwarf-with-dsym";
				ENABLE_NS_ASSERTIONS = NO;
				ENABLE_STRICT_OBJC_MSGSEND = YES;
				GCC_C_LANGUAGE_STANDARD = gnu11;
				GCC_NO_COMMON_BLOCKS = YES;
				GCC_WARN_64_TO_32_BIT_CONVERSION = YES;
				GCC_WARN_ABOUT_RETURN_TYPE = YES_ERROR;
				GCC_WARN_UNDECLARED_SELECTOR = YES;
				GCC_WARN_UNINITIALIZED_AUTOS = YES_AGGRESSIVE;
				GCC_WARN_UNUSED_FUNCTION = YES;
				GCC_WARN_UNUSED_VARIABLE = YES;
				IPHONEOS_DEPLOYMENT_TARGET = 11.0;
				MTL_ENABLE_DEBUG_INFO = NO;
				ONLY_ACTIVE_ARCH = NO;
				SDKROOT = iphoneos;
				VALIDATE_PRODUCT = YES;
				VALID_ARCHS = arm64;
			};
			name = Release;
		};
		8D5BA2A21F7C792F00A169BF /* Debug */ = {
			isa = XCBuildConfiguration;
			buildSettings = {
				ASSETCATALOG_COMPILER_APPICON_NAME = AppIcon;
				ASSETCATALOG_COMPILER_LAUNCHIMAGE_NAME = LaunchImage;
				CODE_SIGN_STYLE = Automatic;
				DEVELOPMENT_TEAM = 62PB6NV7YN;
				INFOPLIST_FILE = SuccessionRestore/Info.plist;
				IPHONEOS_DEPLOYMENT_TARGET = 11.0;
				LD_RUNPATH_SEARCH_PATHS = "$(inherited) @executable_path/Frameworks";
				PRODUCT_BUNDLE_IDENTIFIER = com.samgisaninja.SuccessionRestore;
				PRODUCT_NAME = "$(TARGET_NAME)";
				TARGETED_DEVICE_FAMILY = "1,2";
			};
			name = Debug;
		};
		8D5BA2A31F7C792F00A169BF /* Release */ = {
			isa = XCBuildConfiguration;
			buildSettings = {
				ASSETCATALOG_COMPILER_APPICON_NAME = AppIcon;
				ASSETCATALOG_COMPILER_LAUNCHIMAGE_NAME = LaunchImage;
				CODE_SIGN_STYLE = Automatic;
				DEVELOPMENT_TEAM = 62PB6NV7YN;
				INFOPLIST_FILE = SuccessionRestore/Info.plist;
				IPHONEOS_DEPLOYMENT_TARGET = 11.0;
				LD_RUNPATH_SEARCH_PATHS = "$(inherited) @executable_path/Frameworks";
				PRODUCT_BUNDLE_IDENTIFIER = com.samgisaninja.SuccessionRestore;
				PRODUCT_NAME = "$(TARGET_NAME)";
				TARGETED_DEVICE_FAMILY = "1,2";
			};
			name = Release;
		};
		8D5BA2A51F7C792F00A169BF /* Debug */ = {
			isa = XCBuildConfiguration;
			buildSettings = {
				BUNDLE_LOADER = "$(TEST_HOST)";
				CODE_SIGN_STYLE = Automatic;
				DEVELOPMENT_TEAM = 62PB6NV7YN;
				INFOPLIST_FILE = SuccessionRestoreTests/Info.plist;
				LD_RUNPATH_SEARCH_PATHS = "$(inherited) @executable_path/Frameworks @loader_path/Frameworks";
				PRODUCT_BUNDLE_IDENTIFIER = com.samgisaninja.SuccessionRestoreTests;
				PRODUCT_NAME = "$(TARGET_NAME)";
				TARGETED_DEVICE_FAMILY = "1,2";
				TEST_HOST = "$(BUILT_PRODUCTS_DIR)/SuccessionRestore.app/SuccessionRestore";
			};
			name = Debug;
		};
		8D5BA2A61F7C792F00A169BF /* Release */ = {
			isa = XCBuildConfiguration;
			buildSettings = {
				BUNDLE_LOADER = "$(TEST_HOST)";
				CODE_SIGN_STYLE = Automatic;
				DEVELOPMENT_TEAM = 62PB6NV7YN;
				INFOPLIST_FILE = SuccessionRestoreTests/Info.plist;
				LD_RUNPATH_SEARCH_PATHS = "$(inherited) @executable_path/Frameworks @loader_path/Frameworks";
				PRODUCT_BUNDLE_IDENTIFIER = com.samgisaninja.SuccessionRestoreTests;
				PRODUCT_NAME = "$(TARGET_NAME)";
				TARGETED_DEVICE_FAMILY = "1,2";
				TEST_HOST = "$(BUILT_PRODUCTS_DIR)/SuccessionRestore.app/SuccessionRestore";
			};
			name = Release;
		};
		8D5BA2A81F7C792F00A169BF /* Debug */ = {
			isa = XCBuildConfiguration;
			buildSettings = {
				CODE_SIGN_STYLE = Automatic;
				DEVELOPMENT_TEAM = 62PB6NV7YN;
				INFOPLIST_FILE = SuccessionRestoreUITests/Info.plist;
				LD_RUNPATH_SEARCH_PATHS = "$(inherited) @executable_path/Frameworks @loader_path/Frameworks";
				PRODUCT_BUNDLE_IDENTIFIER = com.samgisaninja.SuccessionRestoreUITests;
				PRODUCT_NAME = "$(TARGET_NAME)";
				TARGETED_DEVICE_FAMILY = "1,2";
				TEST_TARGET_NAME = SuccessionRestore;
			};
			name = Debug;
		};
		8D5BA2A91F7C792F00A169BF /* Release */ = {
			isa = XCBuildConfiguration;
			buildSettings = {
				CODE_SIGN_STYLE = Automatic;
				DEVELOPMENT_TEAM = 62PB6NV7YN;
				INFOPLIST_FILE = SuccessionRestoreUITests/Info.plist;
				LD_RUNPATH_SEARCH_PATHS = "$(inherited) @executable_path/Frameworks @loader_path/Frameworks";
				PRODUCT_BUNDLE_IDENTIFIER = com.samgisaninja.SuccessionRestoreUITests;
				PRODUCT_NAME = "$(TARGET_NAME)";
				TARGETED_DEVICE_FAMILY = "1,2";
				TEST_TARGET_NAME = SuccessionRestore;
			};
			name = Release;
		};
/* End XCBuildConfiguration section */

/* Begin XCConfigurationList section */
		8D5BA2701F7C792E00A169BF /* Build configuration list for PBXProject "SuccessionRestore" */ = {
			isa = XCConfigurationList;
			buildConfigurations = (
				8D5BA29F1F7C792F00A169BF /* Debug */,
				8D5BA2A01F7C792F00A169BF /* Release */,
			);
			defaultConfigurationIsVisible = 0;
			defaultConfigurationName = Release;
		};
		8D5BA2A11F7C792F00A169BF /* Build configuration list for PBXNativeTarget "SuccessionRestore" */ = {
			isa = XCConfigurationList;
			buildConfigurations = (
				8D5BA2A21F7C792F00A169BF /* Debug */,
				8D5BA2A31F7C792F00A169BF /* Release */,
			);
			defaultConfigurationIsVisible = 0;
			defaultConfigurationName = Release;
		};
		8D5BA2A41F7C792F00A169BF /* Build configuration list for PBXNativeTarget "SuccessionRestoreTests" */ = {
			isa = XCConfigurationList;
			buildConfigurations = (
				8D5BA2A51F7C792F00A169BF /* Debug */,
				8D5BA2A61F7C792F00A169BF /* Release */,
			);
			defaultConfigurationIsVisible = 0;
			defaultConfigurationName = Release;
		};
		8D5BA2A71F7C792F00A169BF /* Build configuration list for PBXNativeTarget "SuccessionRestoreUITests" */ = {
			isa = XCConfigurationList;
			buildConfigurations = (
				8D5BA2A81F7C792F00A169BF /* Debug */,
				8D5BA2A91F7C792F00A169BF /* Release */,
			);
			defaultConfigurationIsVisible = 0;
			defaultConfigurationName = Release;
		};
/* End XCConfigurationList section */
	};
	rootObject = 8D5BA26D1F7C792E00A169BF /* Project object */;
}
